// !$*UTF8*$!
{
	archiveVersion = 1;
	classes = {
	};
	objectVersion = 46;
	objects = {

/* Begin PBXBuildFile section */
		09A57D5D221752107DC0FE31 /* libPods-NotificationService.a in Frameworks */ = {isa = PBXBuildFile; fileRef = 379070FF0C574A19223EF709 /* libPods-NotificationService.a */; };
		0C0FE3091EA8AA2D00D74708 /* img_back.jpg in Resources */ = {isa = PBXBuildFile; fileRef = 0C0FE3081EA8AA2D00D74708 /* img_back.jpg */; };
		0C119B511E7930D6002ED007 /* Engine.framework in Frameworks */ = {isa = PBXBuildFile; fileRef = 0C119B4F1E7930D6002ED007 /* Engine.framework */; };
		0C119B521E7930D6002ED007 /* Engine.framework in Frameworks */ = {isa = PBXBuildFile; fileRef = 0C119B4F1E7930D6002ED007 /* Engine.framework */; };
		0C119B531E793137002ED007 /* Engine.framework in Frameworks */ = {isa = PBXBuildFile; fileRef = 0C119B4F1E7930D6002ED007 /* Engine.framework */; };
		0C119B541E793137002ED007 /* Engine.framework in Embed Frameworks */ = {isa = PBXBuildFile; fileRef = 0C119B4F1E7930D6002ED007 /* Engine.framework */; settings = {ATTRIBUTES = (CodeSignOnCopy, RemoveHeadersOnCopy, ); }; };
		0C119B651E7A3BDD002ED007 /* DDRouter.m in Sources */ = {isa = PBXBuildFile; fileRef = 0C119B641E7A3BDD002ED007 /* DDRouter.m */; };
		0C1771401E2F47C0002FC539 /* PluginPlatformManager.m in Sources */ = {isa = PBXBuildFile; fileRef = 0C17713E1E2F47C0002FC539 /* PluginPlatformManager.m */; };
		0C1771441E2F4ABA002FC539 /* Dylib.framework in Frameworks */ = {isa = PBXBuildFile; fileRef = 0C1771431E2F4ABA002FC539 /* Dylib.framework */; };
		0C1771461E2F4B11002FC539 /* Dylib.framework in Embed Frameworks */ = {isa = PBXBuildFile; fileRef = 0C1771431E2F4ABA002FC539 /* Dylib.framework */; settings = {ATTRIBUTES = (CodeSignOnCopy, RemoveHeadersOnCopy, ); }; };
		0C35221C1DEFD54300D9DBEF /* launch_image@2x.jpg in Resources */ = {isa = PBXBuildFile; fileRef = 0C35221B1DEFD54300D9DBEF /* launch_image@2x.jpg */; };
		0C3522451DF5586800D9DBEF /* attach_image.png in Resources */ = {isa = PBXBuildFile; fileRef = 0C3522441DF5586800D9DBEF /* attach_image.png */; };
		0C4F05F31EDA560400240092 /* Purr.aiff in Resources */ = {isa = PBXBuildFile; fileRef = 0C4F05F21EDA560400240092 /* Purr.aiff */; };
		0C7B9404206783D700B4B296 /* SettingViewController.m in Sources */ = {isa = PBXBuildFile; fileRef = 0C7B9403206783D700B4B296 /* SettingViewController.m */; };
		0C7B941E2068BCDF00B4B296 /* face_wang.png in Resources */ = {isa = PBXBuildFile; fileRef = 0C7B94162068BCDE00B4B296 /* face_wang.png */; };
		0C7B941F2068BCDF00B4B296 /* face_star.png in Resources */ = {isa = PBXBuildFile; fileRef = 0C7B94172068BCDE00B4B296 /* face_star.png */; };
		0C7B94202068BCDF00B4B296 /* face_ma.png in Resources */ = {isa = PBXBuildFile; fileRef = 0C7B94182068BCDE00B4B296 /* face_ma.png */; };
		0C7B94212068BCDF00B4B296 /* face_miao2.png in Resources */ = {isa = PBXBuildFile; fileRef = 0C7B94192068BCDE00B4B296 /* face_miao2.png */; };
		0C7B94222068BCDF00B4B296 /* face_miao1.png in Resources */ = {isa = PBXBuildFile; fileRef = 0C7B941A2068BCDE00B4B296 /* face_miao1.png */; };
		0C7B94282068C2AA00B4B296 /* MyQRCodeVC.m in Sources */ = {isa = PBXBuildFile; fileRef = 0C7B94272068C2AA00B4B296 /* MyQRCodeVC.m */; };
		0C7B94292068C2AA00B4B296 /* MyQRCodeVC.m in Sources */ = {isa = PBXBuildFile; fileRef = 0C7B94272068C2AA00B4B296 /* MyQRCodeVC.m */; };
		0C7B942A2068C2AA00B4B296 /* MyQRCodeVC.m in Sources */ = {isa = PBXBuildFile; fileRef = 0C7B94272068C2AA00B4B296 /* MyQRCodeVC.m */; };
		0C879BBC1DD468CF00C3E86E /* main.m in Sources */ = {isa = PBXBuildFile; fileRef = 0C879BBB1DD468CF00C3E86E /* main.m */; };
		0C879BBF1DD468CF00C3E86E /* AppDelegate.m in Sources */ = {isa = PBXBuildFile; fileRef = 0C879BBE1DD468CF00C3E86E /* AppDelegate.m */; };
		0C879BC21DD468CF00C3E86E /* ViewController.m in Sources */ = {isa = PBXBuildFile; fileRef = 0C879BC11DD468CF00C3E86E /* ViewController.m */; };
		0C879BC51DD468CF00C3E86E /* Main.storyboard in Resources */ = {isa = PBXBuildFile; fileRef = 0C879BC31DD468CF00C3E86E /* Main.storyboard */; };
		0C879BC71DD468CF00C3E86E /* Assets.xcassets in Resources */ = {isa = PBXBuildFile; fileRef = 0C879BC61DD468CF00C3E86E /* Assets.xcassets */; };
		0C879BCA1DD468CF00C3E86E /* LaunchScreen.storyboard in Resources */ = {isa = PBXBuildFile; fileRef = 0C879BC81DD468CF00C3E86E /* LaunchScreen.storyboard */; };
		0C879BD81DD4692900C3E86E /* UserNotifications.framework in Frameworks */ = {isa = PBXBuildFile; fileRef = 0C879BD71DD4692900C3E86E /* UserNotifications.framework */; };
		0C879BDA1DD4692900C3E86E /* UserNotificationsUI.framework in Frameworks */ = {isa = PBXBuildFile; fileRef = 0C879BD91DD4692900C3E86E /* UserNotificationsUI.framework */; };
		0C879BDE1DD4692900C3E86E /* NotificationViewController.m in Sources */ = {isa = PBXBuildFile; fileRef = 0C879BDD1DD4692900C3E86E /* NotificationViewController.m */; };
		0C879BE11DD4692900C3E86E /* MainInterface.storyboard in Resources */ = {isa = PBXBuildFile; fileRef = 0C879BDF1DD4692900C3E86E /* MainInterface.storyboard */; };
		0C879BE51DD4692900C3E86E /* NotificationViewController.appex in Embed App Extensions */ = {isa = PBXBuildFile; fileRef = 0C879BD51DD4692900C3E86E /* NotificationViewController.appex */; settings = {ATTRIBUTES = (RemoveHeadersOnCopy, ); }; };
		0C8B17BB1DED5E3800FC3305 /* NotificationService.m in Sources */ = {isa = PBXBuildFile; fileRef = 0C8B17BA1DED5E3800FC3305 /* NotificationService.m */; };
		0C8B17BF1DED5E3800FC3305 /* NotificationService.appex in Embed App Extensions */ = {isa = PBXBuildFile; fileRef = 0C8B17B71DED5E3800FC3305 /* NotificationService.appex */; settings = {ATTRIBUTES = (RemoveHeadersOnCopy, ); }; };
		0CA505EF1E30718D000A23EB /* ThirdSDKs.framework in Frameworks */ = {isa = PBXBuildFile; fileRef = 0CA505ED1E307184000A23EB /* ThirdSDKs.framework */; };
		0CA505F01E30718D000A23EB /* ThirdSDKs.framework in Embed Frameworks */ = {isa = PBXBuildFile; fileRef = 0CA505ED1E307184000A23EB /* ThirdSDKs.framework */; settings = {ATTRIBUTES = (CodeSignOnCopy, RemoveHeadersOnCopy, ); }; };
		0CA505F51E307483000A23EB /* pusher.p12 in Resources */ = {isa = PBXBuildFile; fileRef = 0CA505F41E307483000A23EB /* pusher.p12 */; };
		0CA506311E3094E0000A23EB /* NOTE.txt in Resources */ = {isa = PBXBuildFile; fileRef = 0CA506301E3094E0000A23EB /* NOTE.txt */; };
		0CA929B81E7BFA2600F9EF9C /* Home.framework in Frameworks */ = {isa = PBXBuildFile; fileRef = 0CA929B61E7BF9E300F9EF9C /* Home.framework */; };
		0CA929B91E7BFA2600F9EF9C /* Home.framework in Embed Frameworks */ = {isa = PBXBuildFile; fileRef = 0CA929B61E7BF9E300F9EF9C /* Home.framework */; settings = {ATTRIBUTES = (CodeSignOnCopy, RemoveHeadersOnCopy, ); }; };
		0CC2376E1EDA501500E65C5F /* msg_sendout.wav in Resources */ = {isa = PBXBuildFile; fileRef = 0CC2376C1EDA501500E65C5F /* msg_sendout.wav */; };
		0CC2376F1EDA501500E65C5F /* msg_new.mp3 in Resources */ = {isa = PBXBuildFile; fileRef = 0CC2376D1EDA501500E65C5F /* msg_new.mp3 */; };
		0CCA98CA1EE8F7C8000B60C7 /* msg_send_click.aiff in Resources */ = {isa = PBXBuildFile; fileRef = 0CCA98C91EE8F7C8000B60C7 /* msg_send_click.aiff */; };
		0CCA98D01EE9253B000B60C7 /* msg_send_failure.aiff in Resources */ = {isa = PBXBuildFile; fileRef = 0CCA98CE1EE9253B000B60C7 /* msg_send_failure.aiff */; };
		0CCA98D11EE9253B000B60C7 /* Submarine.aiff in Resources */ = {isa = PBXBuildFile; fileRef = 0CCA98CF1EE9253B000B60C7 /* Submarine.aiff */; };
		0CCA98D31EE926A8000B60C7 /* msg_send.wav in Resources */ = {isa = PBXBuildFile; fileRef = 0CCA98D21EE926A8000B60C7 /* msg_send.wav */; };
		0CF3CC251E01A54F005B2AEF /* launch_image@2x.jpg in Resources */ = {isa = PBXBuildFile; fileRef = 0C35221B1DEFD54300D9DBEF /* launch_image@2x.jpg */; };
		0CF3CC271E01A747005B2AEF /* attach_image.png in Resources */ = {isa = PBXBuildFile; fileRef = 0C3522441DF5586800D9DBEF /* attach_image.png */; };
		0CF3CC2A1E025FFE005B2AEF /* googview.jpg in Resources */ = {isa = PBXBuildFile; fileRef = 0CF3CC291E025FFE005B2AEF /* googview.jpg */; };
		778C3BEE8CE8D7D77849F22C /* libPods-TestNCEDeom.a in Frameworks */ = {isa = PBXBuildFile; fileRef = 8CF3D829C34DFCCE786948CD /* libPods-TestNCEDeom.a */; };
		8AD0BB7683015B469198E2BA /* libPods-NotificationViewController.a in Frameworks */ = {isa = PBXBuildFile; fileRef = F7F8DDDAA802BF7AEC0D26BF /* libPods-NotificationViewController.a */; };
/* End PBXBuildFile section */

/* Begin PBXContainerItemProxy section */
		0C119B481E79243A002ED007 /* PBXContainerItemProxy */ = {
			isa = PBXContainerItemProxy;
			containerPortal = 0C119B441E792439002ED007 /* Engine.xcodeproj */;
			proxyType = 2;
			remoteGlobalIDString = 0C119B391E792439002ED007;
			remoteInfo = Engine;
		};
		0C879BE31DD4692900C3E86E /* PBXContainerItemProxy */ = {
			isa = PBXContainerItemProxy;
			containerPortal = 0C879BAF1DD468CF00C3E86E /* Project object */;
			proxyType = 1;
			remoteGlobalIDString = 0C879BD41DD4692900C3E86E;
			remoteInfo = NotificationViewController;
		};
		0C8B17BD1DED5E3800FC3305 /* PBXContainerItemProxy */ = {
			isa = PBXContainerItemProxy;
			containerPortal = 0C879BAF1DD468CF00C3E86E /* Project object */;
			proxyType = 1;
			remoteGlobalIDString = 0C8B17B61DED5E3800FC3305;
			remoteInfo = NotificationService;
		};
		0CA505BE1E306F85000A23EB /* PBXContainerItemProxy */ = {
			isa = PBXContainerItemProxy;
			containerPortal = 0CA505BA1E306F84000A23EB /* ThirdSDKs.xcodeproj */;
			proxyType = 2;
			remoteGlobalIDString = 0CA505AF1E306F84000A23EB;
			remoteInfo = ThirdSDKs;
		};
		0CA929AB1E7BC36500F9EF9C /* PBXContainerItemProxy */ = {
			isa = PBXContainerItemProxy;
			containerPortal = 0CA929A71E7BC36500F9EF9C /* Home.xcodeproj */;
			proxyType = 2;
			remoteGlobalIDString = 0CA9299C1E7BC36500F9EF9C;
			remoteInfo = Home;
		};
/* End PBXContainerItemProxy section */

/* Begin PBXCopyFilesBuildPhase section */
		0C1771471E2F4B11002FC539 /* Embed Frameworks */ = {
			isa = PBXCopyFilesBuildPhase;
			buildActionMask = 2147483647;
			dstPath = "";
			dstSubfolderSpec = 10;
			files = (
				0C1771461E2F4B11002FC539 /* Dylib.framework in Embed Frameworks */,
				0CA505F01E30718D000A23EB /* ThirdSDKs.framework in Embed Frameworks */,
				0C119B541E793137002ED007 /* Engine.framework in Embed Frameworks */,
				0CA929B91E7BFA2600F9EF9C /* Home.framework in Embed Frameworks */,
			);
			name = "Embed Frameworks";
			runOnlyForDeploymentPostprocessing = 0;
		};
		0C879BE91DD4692900C3E86E /* Embed App Extensions */ = {
			isa = PBXCopyFilesBuildPhase;
			buildActionMask = 2147483647;
			dstPath = "";
			dstSubfolderSpec = 13;
			files = (
				0C879BE51DD4692900C3E86E /* NotificationViewController.appex in Embed App Extensions */,
				0C8B17BF1DED5E3800FC3305 /* NotificationService.appex in Embed App Extensions */,
			);
			name = "Embed App Extensions";
			runOnlyForDeploymentPostprocessing = 0;
		};
/* End PBXCopyFilesBuildPhase section */

/* Begin PBXFileReference section */
		0C0FE3081EA8AA2D00D74708 /* img_back.jpg */ = {isa = PBXFileReference; lastKnownFileType = image.jpeg; path = img_back.jpg; sourceTree = "<group>"; };
		0C119B441E792439002ED007 /* Engine.xcodeproj */ = {isa = PBXFileReference; lastKnownFileType = "wrapper.pb-project"; name = Engine.xcodeproj; path = Engine/Engine.xcodeproj; sourceTree = "<group>"; };
		0C119B4F1E7930D6002ED007 /* Engine.framework */ = {isa = PBXFileReference; lastKnownFileType = wrapper.framework; path = Engine.framework; sourceTree = "<group>"; };
		0C119B631E7A3BDD002ED007 /* DDRouter.h */ = {isa = PBXFileReference; fileEncoding = 4; lastKnownFileType = sourcecode.c.h; path = DDRouter.h; sourceTree = "<group>"; };
		0C119B641E7A3BDD002ED007 /* DDRouter.m */ = {isa = PBXFileReference; fileEncoding = 4; lastKnownFileType = sourcecode.c.objc; path = DDRouter.m; sourceTree = "<group>"; };
		0C17713D1E2F47C0002FC539 /* PluginPlatformManager.h */ = {isa = PBXFileReference; fileEncoding = 4; lastKnownFileType = sourcecode.c.h; path = PluginPlatformManager.h; sourceTree = "<group>"; };
		0C17713E1E2F47C0002FC539 /* PluginPlatformManager.m */ = {isa = PBXFileReference; fileEncoding = 4; lastKnownFileType = sourcecode.c.objc; path = PluginPlatformManager.m; sourceTree = "<group>"; };
		0C17713F1E2F47C0002FC539 /* PluginProtocol.h */ = {isa = PBXFileReference; fileEncoding = 4; lastKnownFileType = sourcecode.c.h; path = PluginProtocol.h; sourceTree = "<group>"; };
		0C1771431E2F4ABA002FC539 /* Dylib.framework */ = {isa = PBXFileReference; lastKnownFileType = wrapper.framework; path = Dylib.framework; sourceTree = "<group>"; };
		0C35221B1DEFD54300D9DBEF /* launch_image@2x.jpg */ = {isa = PBXFileReference; lastKnownFileType = image.jpeg; path = "launch_image@2x.jpg"; sourceTree = "<group>"; };
		0C35221D1DF0064A00D9DBEF /* NotificationViewController.entitlements */ = {isa = PBXFileReference; lastKnownFileType = text.plist.entitlements; path = NotificationViewController.entitlements; sourceTree = "<group>"; };
		0C35221E1DF0065600D9DBEF /* NotificationService.entitlements */ = {isa = PBXFileReference; lastKnownFileType = text.plist.entitlements; path = NotificationService.entitlements; sourceTree = "<group>"; };
		0C3522441DF5586800D9DBEF /* attach_image.png */ = {isa = PBXFileReference; lastKnownFileType = image.png; path = attach_image.png; sourceTree = "<group>"; };
		0C4F05F21EDA560400240092 /* Purr.aiff */ = {isa = PBXFileReference; lastKnownFileType = audio.aiff; path = Purr.aiff; sourceTree = "<group>"; };
		0C7B9402206783D700B4B296 /* SettingViewController.h */ = {isa = PBXFileReference; lastKnownFileType = sourcecode.c.h; path = SettingViewController.h; sourceTree = "<group>"; };
		0C7B9403206783D700B4B296 /* SettingViewController.m */ = {isa = PBXFileReference; lastKnownFileType = sourcecode.c.objc; path = SettingViewController.m; sourceTree = "<group>"; };
		0C7B94162068BCDE00B4B296 /* face_wang.png */ = {isa = PBXFileReference; lastKnownFileType = image.png; path = face_wang.png; sourceTree = "<group>"; };
		0C7B94172068BCDE00B4B296 /* face_star.png */ = {isa = PBXFileReference; lastKnownFileType = image.png; path = face_star.png; sourceTree = "<group>"; };
		0C7B94182068BCDE00B4B296 /* face_ma.png */ = {isa = PBXFileReference; lastKnownFileType = image.png; path = face_ma.png; sourceTree = "<group>"; };
		0C7B94192068BCDE00B4B296 /* face_miao2.png */ = {isa = PBXFileReference; lastKnownFileType = image.png; path = face_miao2.png; sourceTree = "<group>"; };
		0C7B941A2068BCDE00B4B296 /* face_miao1.png */ = {isa = PBXFileReference; lastKnownFileType = image.png; path = face_miao1.png; sourceTree = "<group>"; };
		0C7B94262068C2AA00B4B296 /* MyQRCodeVC.h */ = {isa = PBXFileReference; lastKnownFileType = sourcecode.c.h; path = MyQRCodeVC.h; sourceTree = "<group>"; };
		0C7B94272068C2AA00B4B296 /* MyQRCodeVC.m */ = {isa = PBXFileReference; lastKnownFileType = sourcecode.c.objc; path = MyQRCodeVC.m; sourceTree = "<group>"; };
		0C879BB71DD468CF00C3E86E /* TestNCEDeom.app */ = {isa = PBXFileReference; explicitFileType = wrapper.application; includeInIndex = 0; path = TestNCEDeom.app; sourceTree = BUILT_PRODUCTS_DIR; };
		0C879BBB1DD468CF00C3E86E /* main.m */ = {isa = PBXFileReference; lastKnownFileType = sourcecode.c.objc; path = main.m; sourceTree = "<group>"; };
		0C879BBD1DD468CF00C3E86E /* AppDelegate.h */ = {isa = PBXFileReference; lastKnownFileType = sourcecode.c.h; path = AppDelegate.h; sourceTree = "<group>"; };
		0C879BBE1DD468CF00C3E86E /* AppDelegate.m */ = {isa = PBXFileReference; lastKnownFileType = sourcecode.c.objc; path = AppDelegate.m; sourceTree = "<group>"; };
		0C879BC01DD468CF00C3E86E /* ViewController.h */ = {isa = PBXFileReference; lastKnownFileType = sourcecode.c.h; path = ViewController.h; sourceTree = "<group>"; };
		0C879BC11DD468CF00C3E86E /* ViewController.m */ = {isa = PBXFileReference; lastKnownFileType = sourcecode.c.objc; path = ViewController.m; sourceTree = "<group>"; };
		0C879BC41DD468CF00C3E86E /* Base */ = {isa = PBXFileReference; lastKnownFileType = file.storyboard; name = Base; path = Base.lproj/Main.storyboard; sourceTree = "<group>"; };
		0C879BC61DD468CF00C3E86E /* Assets.xcassets */ = {isa = PBXFileReference; lastKnownFileType = folder.assetcatalog; path = Assets.xcassets; sourceTree = "<group>"; };
		0C879BC91DD468CF00C3E86E /* Base */ = {isa = PBXFileReference; lastKnownFileType = file.storyboard; name = Base; path = Base.lproj/LaunchScreen.storyboard; sourceTree = "<group>"; };
		0C879BCB1DD468CF00C3E86E /* Info.plist */ = {isa = PBXFileReference; lastKnownFileType = text.plist.xml; path = Info.plist; sourceTree = "<group>"; };
		0C879BD51DD4692900C3E86E /* NotificationViewController.appex */ = {isa = PBXFileReference; explicitFileType = "wrapper.app-extension"; includeInIndex = 0; path = NotificationViewController.appex; sourceTree = BUILT_PRODUCTS_DIR; };
		0C879BD71DD4692900C3E86E /* UserNotifications.framework */ = {isa = PBXFileReference; lastKnownFileType = wrapper.framework; name = UserNotifications.framework; path = System/Library/Frameworks/UserNotifications.framework; sourceTree = SDKROOT; };
		0C879BD91DD4692900C3E86E /* UserNotificationsUI.framework */ = {isa = PBXFileReference; lastKnownFileType = wrapper.framework; name = UserNotificationsUI.framework; path = System/Library/Frameworks/UserNotificationsUI.framework; sourceTree = SDKROOT; };
		0C879BDC1DD4692900C3E86E /* NotificationViewController.h */ = {isa = PBXFileReference; lastKnownFileType = sourcecode.c.h; path = NotificationViewController.h; sourceTree = "<group>"; };
		0C879BDD1DD4692900C3E86E /* NotificationViewController.m */ = {isa = PBXFileReference; lastKnownFileType = sourcecode.c.objc; path = NotificationViewController.m; sourceTree = "<group>"; };
		0C879BE01DD4692900C3E86E /* Base */ = {isa = PBXFileReference; lastKnownFileType = file.storyboard; name = Base; path = Base.lproj/MainInterface.storyboard; sourceTree = "<group>"; };
		0C879BE21DD4692900C3E86E /* Info.plist */ = {isa = PBXFileReference; lastKnownFileType = text.plist.xml; path = Info.plist; sourceTree = "<group>"; };
		0C8B17AA1DE852B800FC3305 /* TestNCEDeom.entitlements */ = {isa = PBXFileReference; lastKnownFileType = text.plist.entitlements; path = TestNCEDeom.entitlements; sourceTree = "<group>"; };
		0C8B17B71DED5E3800FC3305 /* NotificationService.appex */ = {isa = PBXFileReference; explicitFileType = "wrapper.app-extension"; includeInIndex = 0; path = NotificationService.appex; sourceTree = BUILT_PRODUCTS_DIR; };
		0C8B17B91DED5E3800FC3305 /* NotificationService.h */ = {isa = PBXFileReference; lastKnownFileType = sourcecode.c.h; path = NotificationService.h; sourceTree = "<group>"; };
		0C8B17BA1DED5E3800FC3305 /* NotificationService.m */ = {isa = PBXFileReference; lastKnownFileType = sourcecode.c.objc; path = NotificationService.m; sourceTree = "<group>"; };
		0C8B17BC1DED5E3800FC3305 /* Info.plist */ = {isa = PBXFileReference; lastKnownFileType = text.plist.xml; path = Info.plist; sourceTree = "<group>"; };
		0CA505BA1E306F84000A23EB /* ThirdSDKs.xcodeproj */ = {isa = PBXFileReference; lastKnownFileType = "wrapper.pb-project"; name = ThirdSDKs.xcodeproj; path = ThirdSDKs/ThirdSDKs.xcodeproj; sourceTree = "<group>"; };
		0CA505ED1E307184000A23EB /* ThirdSDKs.framework */ = {isa = PBXFileReference; lastKnownFileType = wrapper.framework; path = ThirdSDKs.framework; sourceTree = "<group>"; };
		0CA505F41E307483000A23EB /* pusher.p12 */ = {isa = PBXFileReference; lastKnownFileType = file; path = pusher.p12; sourceTree = SOURCE_ROOT; };
		0CA506151E308B2E000A23EB /* PrefixHeader.pch */ = {isa = PBXFileReference; fileEncoding = 4; lastKnownFileType = sourcecode.c.h; path = PrefixHeader.pch; sourceTree = "<group>"; };
		0CA506301E3094E0000A23EB /* NOTE.txt */ = {isa = PBXFileReference; fileEncoding = 4; lastKnownFileType = text; path = NOTE.txt; sourceTree = "<group>"; };
		0CA929A71E7BC36500F9EF9C /* Home.xcodeproj */ = {isa = PBXFileReference; lastKnownFileType = "wrapper.pb-project"; name = Home.xcodeproj; path = Home/Home.xcodeproj; sourceTree = "<group>"; };
		0CA929B61E7BF9E300F9EF9C /* Home.framework */ = {isa = PBXFileReference; lastKnownFileType = wrapper.framework; path = Home.framework; sourceTree = "<group>"; };
		0CC2376C1EDA501500E65C5F /* msg_sendout.wav */ = {isa = PBXFileReference; lastKnownFileType = audio.wav; path = msg_sendout.wav; sourceTree = "<group>"; };
		0CC2376D1EDA501500E65C5F /* msg_new.mp3 */ = {isa = PBXFileReference; lastKnownFileType = audio.mp3; path = msg_new.mp3; sourceTree = "<group>"; };
		0CCA98C91EE8F7C8000B60C7 /* msg_send_click.aiff */ = {isa = PBXFileReference; lastKnownFileType = audio.aiff; path = msg_send_click.aiff; sourceTree = "<group>"; };
		0CCA98CE1EE9253B000B60C7 /* msg_send_failure.aiff */ = {isa = PBXFileReference; lastKnownFileType = audio.aiff; path = msg_send_failure.aiff; sourceTree = "<group>"; };
		0CCA98CF1EE9253B000B60C7 /* Submarine.aiff */ = {isa = PBXFileReference; lastKnownFileType = audio.aiff; path = Submarine.aiff; sourceTree = "<group>"; };
		0CCA98D21EE926A8000B60C7 /* msg_send.wav */ = {isa = PBXFileReference; lastKnownFileType = audio.wav; path = msg_send.wav; sourceTree = "<group>"; };
		0CF3CC291E025FFE005B2AEF /* googview.jpg */ = {isa = PBXFileReference; lastKnownFileType = image.jpeg; path = googview.jpg; sourceTree = "<group>"; };
		379070FF0C574A19223EF709 /* libPods-NotificationService.a */ = {isa = PBXFileReference; explicitFileType = archive.ar; includeInIndex = 0; path = "libPods-NotificationService.a"; sourceTree = BUILT_PRODUCTS_DIR; };
		473CCD645C3A2DEFE044BF42 /* Pods-NotificationService.release.xcconfig */ = {isa = PBXFileReference; includeInIndex = 1; lastKnownFileType = text.xcconfig; name = "Pods-NotificationService.release.xcconfig"; path = "Pods/Target Support Files/Pods-NotificationService/Pods-NotificationService.release.xcconfig"; sourceTree = "<group>"; };
		67D6EEDFD778C0243CC809BC /* Pods-TestNCEDeom.release.xcconfig */ = {isa = PBXFileReference; includeInIndex = 1; lastKnownFileType = text.xcconfig; name = "Pods-TestNCEDeom.release.xcconfig"; path = "Pods/Target Support Files/Pods-TestNCEDeom/Pods-TestNCEDeom.release.xcconfig"; sourceTree = "<group>"; };
		8CF3D829C34DFCCE786948CD /* libPods-TestNCEDeom.a */ = {isa = PBXFileReference; explicitFileType = archive.ar; includeInIndex = 0; path = "libPods-TestNCEDeom.a"; sourceTree = BUILT_PRODUCTS_DIR; };
		99333128A0AA002658AA4511 /* Pods-TestNCEDeom.debug.xcconfig */ = {isa = PBXFileReference; includeInIndex = 1; lastKnownFileType = text.xcconfig; name = "Pods-TestNCEDeom.debug.xcconfig"; path = "Pods/Target Support Files/Pods-TestNCEDeom/Pods-TestNCEDeom.debug.xcconfig"; sourceTree = "<group>"; };
		A5320CD2C106868ED3A17F8D /* Pods-NotificationViewController.release.xcconfig */ = {isa = PBXFileReference; includeInIndex = 1; lastKnownFileType = text.xcconfig; name = "Pods-NotificationViewController.release.xcconfig"; path = "Pods/Target Support Files/Pods-NotificationViewController/Pods-NotificationViewController.release.xcconfig"; sourceTree = "<group>"; };
		BFB36F5A9B2D1395C6EE3C6A /* Pods-NotificationService.debug.xcconfig */ = {isa = PBXFileReference; includeInIndex = 1; lastKnownFileType = text.xcconfig; name = "Pods-NotificationService.debug.xcconfig"; path = "Pods/Target Support Files/Pods-NotificationService/Pods-NotificationService.debug.xcconfig"; sourceTree = "<group>"; };
		C6E360E666737016737A4B55 /* Pods-NotificationViewController.debug.xcconfig */ = {isa = PBXFileReference; includeInIndex = 1; lastKnownFileType = text.xcconfig; name = "Pods-NotificationViewController.debug.xcconfig"; path = "Pods/Target Support Files/Pods-NotificationViewController/Pods-NotificationViewController.debug.xcconfig"; sourceTree = "<group>"; };
		F7F8DDDAA802BF7AEC0D26BF /* libPods-NotificationViewController.a */ = {isa = PBXFileReference; explicitFileType = archive.ar; includeInIndex = 0; path = "libPods-NotificationViewController.a"; sourceTree = BUILT_PRODUCTS_DIR; };
/* End PBXFileReference section */

/* Begin PBXFrameworksBuildPhase section */
		0C879BB41DD468CF00C3E86E /* Frameworks */ = {
			isa = PBXFrameworksBuildPhase;
			buildActionMask = 2147483647;
			files = (
				0C119B531E793137002ED007 /* Engine.framework in Frameworks */,
				778C3BEE8CE8D7D77849F22C /* libPods-TestNCEDeom.a in Frameworks */,
				0C1771441E2F4ABA002FC539 /* Dylib.framework in Frameworks */,
				0CA929B81E7BFA2600F9EF9C /* Home.framework in Frameworks */,
				0CA505EF1E30718D000A23EB /* ThirdSDKs.framework in Frameworks */,
			);
			runOnlyForDeploymentPostprocessing = 0;
		};
		0C879BD21DD4692900C3E86E /* Frameworks */ = {
			isa = PBXFrameworksBuildPhase;
			buildActionMask = 2147483647;
			files = (
				0C879BDA1DD4692900C3E86E /* UserNotificationsUI.framework in Frameworks */,
				0C879BD81DD4692900C3E86E /* UserNotifications.framework in Frameworks */,
				0C119B521E7930D6002ED007 /* Engine.framework in Frameworks */,
				8AD0BB7683015B469198E2BA /* libPods-NotificationViewController.a in Frameworks */,
			);
			runOnlyForDeploymentPostprocessing = 0;
		};
		0C8B17B41DED5E3800FC3305 /* Frameworks */ = {
			isa = PBXFrameworksBuildPhase;
			buildActionMask = 2147483647;
			files = (
				0C119B511E7930D6002ED007 /* Engine.framework in Frameworks */,
				09A57D5D221752107DC0FE31 /* libPods-NotificationService.a in Frameworks */,
			);
			runOnlyForDeploymentPostprocessing = 0;
		};
/* End PBXFrameworksBuildPhase section */

/* Begin PBXGroup section */
		006935234D315C075522D450 /* Pods */ = {
			isa = PBXGroup;
			children = (
				BFB36F5A9B2D1395C6EE3C6A /* Pods-NotificationService.debug.xcconfig */,
				473CCD645C3A2DEFE044BF42 /* Pods-NotificationService.release.xcconfig */,
				C6E360E666737016737A4B55 /* Pods-NotificationViewController.debug.xcconfig */,
				A5320CD2C106868ED3A17F8D /* Pods-NotificationViewController.release.xcconfig */,
				99333128A0AA002658AA4511 /* Pods-TestNCEDeom.debug.xcconfig */,
				67D6EEDFD778C0243CC809BC /* Pods-TestNCEDeom.release.xcconfig */,
			);
			name = Pods;
			sourceTree = "<group>";
		};
		0C119B451E792439002ED007 /* Products */ = {
			isa = PBXGroup;
			children = (
				0C119B491E79243A002ED007 /* Engine.framework */,
			);
			name = Products;
			sourceTree = "<group>";
		};
		0C17713A1E2F4797002FC539 /* PluginProjects */ = {
			isa = PBXGroup;
			children = (
				0CA929A71E7BC36500F9EF9C /* Home.xcodeproj */,
				0C119B441E792439002ED007 /* Engine.xcodeproj */,
				0CA505BA1E306F84000A23EB /* ThirdSDKs.xcodeproj */,
			);
			path = PluginProjects;
			sourceTree = "<group>";
		};
		0C17713B1E2F4797002FC539 /* Plugins */ = {
			isa = PBXGroup;
			children = (
				0CA929B61E7BF9E300F9EF9C /* Home.framework */,
				0C119B4F1E7930D6002ED007 /* Engine.framework */,
				0CA505ED1E307184000A23EB /* ThirdSDKs.framework */,
				0C1771431E2F4ABA002FC539 /* Dylib.framework */,
			);
			path = Plugins;
			sourceTree = "<group>";
		};
		0C17713C1E2F47C0002FC539 /* PluginPlatform */ = {
			isa = PBXGroup;
			children = (
				0C17713D1E2F47C0002FC539 /* PluginPlatformManager.h */,
				0C17713E1E2F47C0002FC539 /* PluginPlatformManager.m */,
				0C17713F1E2F47C0002FC539 /* PluginProtocol.h */,
			);
			path = PluginPlatform;
			sourceTree = "<group>";
		};
		0C22ACDD1E126E46004648A2 /* Other Sources */ = {
			isa = PBXGroup;
			children = (
				0C879BC61DD468CF00C3E86E /* Assets.xcassets */,
			);
			name = "Other Sources";
			sourceTree = "<group>";
		};
		0C35221A1DEFD54300D9DBEF /* images */ = {
			isa = PBXGroup;
			children = (
				0C7B94152068BCDE00B4B296 /* face */,
				0C0FE3081EA8AA2D00D74708 /* img_back.jpg */,
				0C3522441DF5586800D9DBEF /* attach_image.png */,
				0C35221B1DEFD54300D9DBEF /* launch_image@2x.jpg */,
			);
			path = images;
			sourceTree = "<group>";
		};
		0C7B93FE206783A200B4B296 /* Setting */ = {
			isa = PBXGroup;
			children = (
				0C7B9402206783D700B4B296 /* SettingViewController.h */,
				0C7B9403206783D700B4B296 /* SettingViewController.m */,
				0C7B94262068C2AA00B4B296 /* MyQRCodeVC.h */,
				0C7B94272068C2AA00B4B296 /* MyQRCodeVC.m */,
			);
			path = Setting;
			sourceTree = "<group>";
		};
		0C7B94152068BCDE00B4B296 /* face */ = {
			isa = PBXGroup;
			children = (
				0C7B94162068BCDE00B4B296 /* face_wang.png */,
				0C7B94172068BCDE00B4B296 /* face_star.png */,
				0C7B94182068BCDE00B4B296 /* face_ma.png */,
				0C7B94192068BCDE00B4B296 /* face_miao2.png */,
				0C7B941A2068BCDE00B4B296 /* face_miao1.png */,
			);
			path = face;
			sourceTree = "<group>";
		};
		0C879BAE1DD468CF00C3E86E = {
			isa = PBXGroup;
			children = (
				0CA506301E3094E0000A23EB /* NOTE.txt */,
				0C879BB91DD468CF00C3E86E /* TestNCEDeom */,
				0C17713A1E2F4797002FC539 /* PluginProjects */,
				0C8B17B81DED5E3800FC3305 /* NotificationService */,
				0C879BDB1DD4692900C3E86E /* NotificationViewController */,
				0C35221A1DEFD54300D9DBEF /* images */,
				0CC2376B1EDA501500E65C5F /* audios */,
				0C17713B1E2F4797002FC539 /* Plugins */,
				0C879BD61DD4692900C3E86E /* Frameworks */,
				0C879BB81DD468CF00C3E86E /* Products */,
				006935234D315C075522D450 /* Pods */,
			);
			sourceTree = "<group>";
		};
		0C879BB81DD468CF00C3E86E /* Products */ = {
			isa = PBXGroup;
			children = (
				0C879BB71DD468CF00C3E86E /* TestNCEDeom.app */,
				0C879BD51DD4692900C3E86E /* NotificationViewController.appex */,
				0C8B17B71DED5E3800FC3305 /* NotificationService.appex */,
			);
			name = Products;
			sourceTree = "<group>";
		};
		0C879BB91DD468CF00C3E86E /* TestNCEDeom */ = {
			isa = PBXGroup;
			children = (
				0C17713C1E2F47C0002FC539 /* PluginPlatform */,
				0C7B93FE206783A200B4B296 /* Setting */,
				0C879BBD1DD468CF00C3E86E /* AppDelegate.h */,
				0C879BBE1DD468CF00C3E86E /* AppDelegate.m */,
				0C119B631E7A3BDD002ED007 /* DDRouter.h */,
				0C119B641E7A3BDD002ED007 /* DDRouter.m */,
				0C879BC01DD468CF00C3E86E /* ViewController.h */,
				0C879BC11DD468CF00C3E86E /* ViewController.m */,
				0C22ACDD1E126E46004648A2 /* Other Sources */,
				0C879BBA1DD468CF00C3E86E /* Supporting Files */,
			);
			path = TestNCEDeom;
			sourceTree = "<group>";
		};
		0C879BBA1DD468CF00C3E86E /* Supporting Files */ = {
			isa = PBXGroup;
			children = (
				0CA505F41E307483000A23EB /* pusher.p12 */,
				0C8B17AA1DE852B800FC3305 /* TestNCEDeom.entitlements */,
				0C879BC31DD468CF00C3E86E /* Main.storyboard */,
				0C879BC81DD468CF00C3E86E /* LaunchScreen.storyboard */,
				0C879BCB1DD468CF00C3E86E /* Info.plist */,
				0C879BBB1DD468CF00C3E86E /* main.m */,
				0CA506151E308B2E000A23EB /* PrefixHeader.pch */,
			);
			name = "Supporting Files";
			sourceTree = "<group>";
		};
		0C879BD61DD4692900C3E86E /* Frameworks */ = {
			isa = PBXGroup;
			children = (
				0C879BD71DD4692900C3E86E /* UserNotifications.framework */,
				0C879BD91DD4692900C3E86E /* UserNotificationsUI.framework */,
				379070FF0C574A19223EF709 /* libPods-NotificationService.a */,
				F7F8DDDAA802BF7AEC0D26BF /* libPods-NotificationViewController.a */,
				8CF3D829C34DFCCE786948CD /* libPods-TestNCEDeom.a */,
			);
			name = Frameworks;
			sourceTree = "<group>";
		};
		0C879BDB1DD4692900C3E86E /* NotificationViewController */ = {
			isa = PBXGroup;
			children = (
				0C35221D1DF0064A00D9DBEF /* NotificationViewController.entitlements */,
				0C879BDC1DD4692900C3E86E /* NotificationViewController.h */,
				0C879BDD1DD4692900C3E86E /* NotificationViewController.m */,
				0C879BDF1DD4692900C3E86E /* MainInterface.storyboard */,
				0C879BE21DD4692900C3E86E /* Info.plist */,
			);
			path = NotificationViewController;
			sourceTree = "<group>";
		};
		0C8B17B81DED5E3800FC3305 /* NotificationService */ = {
			isa = PBXGroup;
			children = (
				0CF3CC291E025FFE005B2AEF /* googview.jpg */,
				0C35221E1DF0065600D9DBEF /* NotificationService.entitlements */,
				0C8B17B91DED5E3800FC3305 /* NotificationService.h */,
				0C8B17BA1DED5E3800FC3305 /* NotificationService.m */,
				0C8B17BC1DED5E3800FC3305 /* Info.plist */,
			);
			path = NotificationService;
			sourceTree = "<group>";
		};
		0CA505BB1E306F84000A23EB /* Products */ = {
			isa = PBXGroup;
			children = (
				0CA505BF1E306F85000A23EB /* ThirdSDKs.framework */,
			);
			name = Products;
			sourceTree = "<group>";
		};
		0CA929A81E7BC36500F9EF9C /* Products */ = {
			isa = PBXGroup;
			children = (
				0CA929AC1E7BC36500F9EF9C /* Home.framework */,
			);
			name = Products;
			sourceTree = "<group>";
		};
		0CC2376B1EDA501500E65C5F /* audios */ = {
			isa = PBXGroup;
			children = (
				0CCA98D21EE926A8000B60C7 /* msg_send.wav */,
				0CCA98CE1EE9253B000B60C7 /* msg_send_failure.aiff */,
				0CCA98CF1EE9253B000B60C7 /* Submarine.aiff */,
				0CCA98C91EE8F7C8000B60C7 /* msg_send_click.aiff */,
				0C4F05F21EDA560400240092 /* Purr.aiff */,
				0CC2376C1EDA501500E65C5F /* msg_sendout.wav */,
				0CC2376D1EDA501500E65C5F /* msg_new.mp3 */,
			);
			path = audios;
			sourceTree = "<group>";
		};
/* End PBXGroup section */

/* Begin PBXNativeTarget section */
		0C879BB61DD468CF00C3E86E /* TestNCEDeom */ = {
			isa = PBXNativeTarget;
			buildConfigurationList = 0C879BCE1DD468CF00C3E86E /* Build configuration list for PBXNativeTarget "TestNCEDeom" */;
			buildPhases = (
				1E0ABE675604EA9EEDB5F269 /* [CP] Check Pods Manifest.lock */,
				0C879BB31DD468CF00C3E86E /* Sources */,
				0C879BB41DD468CF00C3E86E /* Frameworks */,
				0C879BB51DD468CF00C3E86E /* Resources */,
				0C879BE91DD4692900C3E86E /* Embed App Extensions */,
				600BDBD072CF94D6999E073E /* [CP] Embed Pods Frameworks */,
				C9BEE603D0F5DF2C36164A67 /* [CP] Copy Pods Resources */,
				0C1771471E2F4B11002FC539 /* Embed Frameworks */,
			);
			buildRules = (
			);
			dependencies = (
				0C879BE41DD4692900C3E86E /* PBXTargetDependency */,
				0C8B17BE1DED5E3800FC3305 /* PBXTargetDependency */,
			);
			name = TestNCEDeom;
			productName = TestNCEDeom;
			productReference = 0C879BB71DD468CF00C3E86E /* TestNCEDeom.app */;
			productType = "com.apple.product-type.application";
		};
		0C879BD41DD4692900C3E86E /* NotificationViewController */ = {
			isa = PBXNativeTarget;
			buildConfigurationList = 0C879BE61DD4692900C3E86E /* Build configuration list for PBXNativeTarget "NotificationViewController" */;
			buildPhases = (
				E2C1B561509DB0E8A756F9FC /* [CP] Check Pods Manifest.lock */,
				0C879BD11DD4692900C3E86E /* Sources */,
				0C879BD21DD4692900C3E86E /* Frameworks */,
				0C879BD31DD4692900C3E86E /* Resources */,
				CBDE0AC86E38428822AB39E7 /* [CP] Copy Pods Resources */,
			);
			buildRules = (
			);
			dependencies = (
			);
			name = NotificationViewController;
			productName = NotificationViewController;
			productReference = 0C879BD51DD4692900C3E86E /* NotificationViewController.appex */;
			productType = "com.apple.product-type.app-extension";
		};
		0C8B17B61DED5E3800FC3305 /* NotificationService */ = {
			isa = PBXNativeTarget;
			buildConfigurationList = 0C8B17C21DED5E3800FC3305 /* Build configuration list for PBXNativeTarget "NotificationService" */;
			buildPhases = (
				20B046364A5B7E721DC7F51C /* [CP] Check Pods Manifest.lock */,
				0C8B17B31DED5E3800FC3305 /* Sources */,
				0C8B17B41DED5E3800FC3305 /* Frameworks */,
				0C8B17B51DED5E3800FC3305 /* Resources */,
				A6E3914F945CAA2CF4A5F842 /* [CP] Copy Pods Resources */,
			);
			buildRules = (
			);
			dependencies = (
			);
			name = NotificationService;
			productName = NotificationService;
			productReference = 0C8B17B71DED5E3800FC3305 /* NotificationService.appex */;
			productType = "com.apple.product-type.app-extension";
		};
/* End PBXNativeTarget section */

/* Begin PBXProject section */
		0C879BAF1DD468CF00C3E86E /* Project object */ = {
			isa = PBXProject;
			attributes = {
				LastUpgradeCheck = 0810;
				ORGANIZATIONNAME = Radar;
				TargetAttributes = {
					0C879BB61DD468CF00C3E86E = {
						CreatedOnToolsVersion = 8.1;
						DevelopmentTeam = ZTW9XPA927;
						ProvisioningStyle = Automatic;
						SystemCapabilities = {
							com.apple.ApplicationGroups.iOS = {
								enabled = 1;
							};
							com.apple.BackgroundModes = {
								enabled = 1;
							};
							com.apple.Keychain = {
								enabled = 1;
							};
							com.apple.Push = {
								enabled = 1;
							};
						};
					};
					0C879BD41DD4692900C3E86E = {
						CreatedOnToolsVersion = 8.1;
						DevelopmentTeam = ZTW9XPA927;
						ProvisioningStyle = Automatic;
						SystemCapabilities = {
							com.apple.ApplicationGroups.iOS = {
								enabled = 1;
							};
							com.apple.Push = {
								enabled = 0;
							};
						};
					};
					0C8B17B61DED5E3800FC3305 = {
						CreatedOnToolsVersion = 8.1;
						DevelopmentTeam = ZTW9XPA927;
						ProvisioningStyle = Automatic;
						SystemCapabilities = {
							com.apple.ApplicationGroups.iOS = {
								enabled = 1;
							};
							com.apple.Keychain = {
								enabled = 1;
							};
							com.apple.Push = {
								enabled = 0;
							};
						};
					};
				};
			};
			buildConfigurationList = 0C879BB21DD468CF00C3E86E /* Build configuration list for PBXProject "TestNCEDeom" */;
			compatibilityVersion = "Xcode 3.2";
			developmentRegion = English;
			hasScannedForEncodings = 0;
			knownRegions = (
				en,
				Base,
			);
			mainGroup = 0C879BAE1DD468CF00C3E86E;
			productRefGroup = 0C879BB81DD468CF00C3E86E /* Products */;
			projectDirPath = "";
			projectReferences = (
				{
					ProductGroup = 0C119B451E792439002ED007 /* Products */;
					ProjectRef = 0C119B441E792439002ED007 /* Engine.xcodeproj */;
				},
				{
					ProductGroup = 0CA929A81E7BC36500F9EF9C /* Products */;
					ProjectRef = 0CA929A71E7BC36500F9EF9C /* Home.xcodeproj */;
				},
				{
					ProductGroup = 0CA505BB1E306F84000A23EB /* Products */;
					ProjectRef = 0CA505BA1E306F84000A23EB /* ThirdSDKs.xcodeproj */;
				},
			);
			projectRoot = "";
			targets = (
				0C879BB61DD468CF00C3E86E /* TestNCEDeom */,
				0C8B17B61DED5E3800FC3305 /* NotificationService */,
				0C879BD41DD4692900C3E86E /* NotificationViewController */,
			);
		};
/* End PBXProject section */

/* Begin PBXReferenceProxy section */
		0C119B491E79243A002ED007 /* Engine.framework */ = {
			isa = PBXReferenceProxy;
			fileType = wrapper.framework;
			path = Engine.framework;
			remoteRef = 0C119B481E79243A002ED007 /* PBXContainerItemProxy */;
			sourceTree = BUILT_PRODUCTS_DIR;
		};
		0CA505BF1E306F85000A23EB /* ThirdSDKs.framework */ = {
			isa = PBXReferenceProxy;
			fileType = wrapper.framework;
			path = ThirdSDKs.framework;
			remoteRef = 0CA505BE1E306F85000A23EB /* PBXContainerItemProxy */;
			sourceTree = BUILT_PRODUCTS_DIR;
		};
		0CA929AC1E7BC36500F9EF9C /* Home.framework */ = {
			isa = PBXReferenceProxy;
			fileType = wrapper.framework;
			path = Home.framework;
			remoteRef = 0CA929AB1E7BC36500F9EF9C /* PBXContainerItemProxy */;
			sourceTree = BUILT_PRODUCTS_DIR;
		};
/* End PBXReferenceProxy section */

/* Begin PBXResourcesBuildPhase section */
		0C879BB51DD468CF00C3E86E /* Resources */ = {
			isa = PBXResourcesBuildPhase;
			buildActionMask = 2147483647;
			files = (
				0C0FE3091EA8AA2D00D74708 /* img_back.jpg in Resources */,
				0CA506311E3094E0000A23EB /* NOTE.txt in Resources */,
				0C3522451DF5586800D9DBEF /* attach_image.png in Resources */,
				0C35221C1DEFD54300D9DBEF /* launch_image@2x.jpg in Resources */,
				0C7B941F2068BCDF00B4B296 /* face_star.png in Resources */,
				0CCA98D01EE9253B000B60C7 /* msg_send_failure.aiff in Resources */,
				0CCA98CA1EE8F7C8000B60C7 /* msg_send_click.aiff in Resources */,
				0C879BCA1DD468CF00C3E86E /* LaunchScreen.storyboard in Resources */,
				0CCA98D31EE926A8000B60C7 /* msg_send.wav in Resources */,
				0C4F05F31EDA560400240092 /* Purr.aiff in Resources */,
				0CCA98D11EE9253B000B60C7 /* Submarine.aiff in Resources */,
				0C879BC71DD468CF00C3E86E /* Assets.xcassets in Resources */,
				0C7B941E2068BCDF00B4B296 /* face_wang.png in Resources */,
				0CC2376E1EDA501500E65C5F /* msg_sendout.wav in Resources */,
				0C7B94222068BCDF00B4B296 /* face_miao1.png in Resources */,
				0CA505F51E307483000A23EB /* pusher.p12 in Resources */,
				0CC2376F1EDA501500E65C5F /* msg_new.mp3 in Resources */,
				0C7B94202068BCDF00B4B296 /* face_ma.png in Resources */,
				0C7B94212068BCDF00B4B296 /* face_miao2.png in Resources */,
				0C879BC51DD468CF00C3E86E /* Main.storyboard in Resources */,
			);
			runOnlyForDeploymentPostprocessing = 0;
		};
		0C879BD31DD4692900C3E86E /* Resources */ = {
			isa = PBXResourcesBuildPhase;
			buildActionMask = 2147483647;
			files = (
				0C879BE11DD4692900C3E86E /* MainInterface.storyboard in Resources */,
			);
			runOnlyForDeploymentPostprocessing = 0;
		};
		0C8B17B51DED5E3800FC3305 /* Resources */ = {
			isa = PBXResourcesBuildPhase;
			buildActionMask = 2147483647;
			files = (
				0CF3CC2A1E025FFE005B2AEF /* googview.jpg in Resources */,
				0CF3CC271E01A747005B2AEF /* attach_image.png in Resources */,
				0CF3CC251E01A54F005B2AEF /* launch_image@2x.jpg in Resources */,
			);
			runOnlyForDeploymentPostprocessing = 0;
		};
/* End PBXResourcesBuildPhase section */

/* Begin PBXShellScriptBuildPhase section */
		1E0ABE675604EA9EEDB5F269 /* [CP] Check Pods Manifest.lock */ = {
			isa = PBXShellScriptBuildPhase;
			buildActionMask = 2147483647;
			files = (
			);
			inputPaths = (
				"${PODS_PODFILE_DIR_PATH}/Podfile.lock",
				"${PODS_ROOT}/Manifest.lock",
			);
			name = "[CP] Check Pods Manifest.lock";
			outputPaths = (
				"$(DERIVED_FILE_DIR)/Pods-TestNCEDeom-checkManifestLockResult.txt",
			);
			runOnlyForDeploymentPostprocessing = 0;
			shellPath = /bin/sh;
			shellScript = "diff \"${PODS_PODFILE_DIR_PATH}/Podfile.lock\" \"${PODS_ROOT}/Manifest.lock\" > /dev/null\nif [ $? != 0 ] ; then\n    # print error to STDERR\n    echo \"error: The sandbox is not in sync with the Podfile.lock. Run 'pod install' or update your CocoaPods installation.\" >&2\n    exit 1\nfi\n# This output is used by Xcode 'outputs' to avoid re-running this script phase.\necho \"SUCCESS\" > \"${SCRIPT_OUTPUT_FILE_0}\"\n";
			showEnvVarsInLog = 0;
		};
		20B046364A5B7E721DC7F51C /* [CP] Check Pods Manifest.lock */ = {
			isa = PBXShellScriptBuildPhase;
			buildActionMask = 2147483647;
			files = (
			);
			inputPaths = (
				"${PODS_PODFILE_DIR_PATH}/Podfile.lock",
				"${PODS_ROOT}/Manifest.lock",
			);
			name = "[CP] Check Pods Manifest.lock";
			outputPaths = (
				"$(DERIVED_FILE_DIR)/Pods-NotificationService-checkManifestLockResult.txt",
			);
			runOnlyForDeploymentPostprocessing = 0;
			shellPath = /bin/sh;
			shellScript = "diff \"${PODS_PODFILE_DIR_PATH}/Podfile.lock\" \"${PODS_ROOT}/Manifest.lock\" > /dev/null\nif [ $? != 0 ] ; then\n    # print error to STDERR\n    echo \"error: The sandbox is not in sync with the Podfile.lock. Run 'pod install' or update your CocoaPods installation.\" >&2\n    exit 1\nfi\n# This output is used by Xcode 'outputs' to avoid re-running this script phase.\necho \"SUCCESS\" > \"${SCRIPT_OUTPUT_FILE_0}\"\n";
			showEnvVarsInLog = 0;
		};
		600BDBD072CF94D6999E073E /* [CP] Embed Pods Frameworks */ = {
			isa = PBXShellScriptBuildPhase;
			buildActionMask = 2147483647;
			files = (
			);
			inputPaths = (
			);
			name = "[CP] Embed Pods Frameworks";
			outputPaths = (
			);
			runOnlyForDeploymentPostprocessing = 0;
			shellPath = /bin/sh;
			shellScript = "\"${SRCROOT}/Pods/Target Support Files/Pods-TestNCEDeom/Pods-TestNCEDeom-frameworks.sh\"\n";
			showEnvVarsInLog = 0;
		};
		A6E3914F945CAA2CF4A5F842 /* [CP] Copy Pods Resources */ = {
			isa = PBXShellScriptBuildPhase;
			buildActionMask = 2147483647;
			files = (
			);
			inputPaths = (
			);
			name = "[CP] Copy Pods Resources";
			outputPaths = (
			);
			runOnlyForDeploymentPostprocessing = 0;
			shellPath = /bin/sh;
			shellScript = "\"${SRCROOT}/Pods/Target Support Files/Pods-NotificationService/Pods-NotificationService-resources.sh\"\n";
			showEnvVarsInLog = 0;
		};
		C9BEE603D0F5DF2C36164A67 /* [CP] Copy Pods Resources */ = {
			isa = PBXShellScriptBuildPhase;
			buildActionMask = 2147483647;
			files = (
			);
			inputPaths = (
			);
			name = "[CP] Copy Pods Resources";
			outputPaths = (
			);
			runOnlyForDeploymentPostprocessing = 0;
			shellPath = /bin/sh;
			shellScript = "\"${SRCROOT}/Pods/Target Support Files/Pods-TestNCEDeom/Pods-TestNCEDeom-resources.sh\"\n";
			showEnvVarsInLog = 0;
		};
		CBDE0AC86E38428822AB39E7 /* [CP] Copy Pods Resources */ = {
			isa = PBXShellScriptBuildPhase;
			buildActionMask = 2147483647;
			files = (
			);
			inputPaths = (
			);
			name = "[CP] Copy Pods Resources";
			outputPaths = (
			);
			runOnlyForDeploymentPostprocessing = 0;
			shellPath = /bin/sh;
			shellScript = "\"${SRCROOT}/Pods/Target Support Files/Pods-NotificationViewController/Pods-NotificationViewController-resources.sh\"\n";
			showEnvVarsInLog = 0;
		};
		E2C1B561509DB0E8A756F9FC /* [CP] Check Pods Manifest.lock */ = {
			isa = PBXShellScriptBuildPhase;
			buildActionMask = 2147483647;
			files = (
			);
			inputPaths = (
				"${PODS_PODFILE_DIR_PATH}/Podfile.lock",
				"${PODS_ROOT}/Manifest.lock",
			);
			name = "[CP] Check Pods Manifest.lock";
			outputPaths = (
				"$(DERIVED_FILE_DIR)/Pods-NotificationViewController-checkManifestLockResult.txt",
			);
			runOnlyForDeploymentPostprocessing = 0;
			shellPath = /bin/sh;
			shellScript = "diff \"${PODS_PODFILE_DIR_PATH}/Podfile.lock\" \"${PODS_ROOT}/Manifest.lock\" > /dev/null\nif [ $? != 0 ] ; then\n    # print error to STDERR\n    echo \"error: The sandbox is not in sync with the Podfile.lock. Run 'pod install' or update your CocoaPods installation.\" >&2\n    exit 1\nfi\n# This output is used by Xcode 'outputs' to avoid re-running this script phase.\necho \"SUCCESS\" > \"${SCRIPT_OUTPUT_FILE_0}\"\n";
			showEnvVarsInLog = 0;
		};
/* End PBXShellScriptBuildPhase section */

/* Begin PBXSourcesBuildPhase section */
		0C879BB31DD468CF00C3E86E /* Sources */ = {
			isa = PBXSourcesBuildPhase;
			buildActionMask = 2147483647;
			files = (
				0C879BC21DD468CF00C3E86E /* ViewController.m in Sources */,
				0C1771401E2F47C0002FC539 /* PluginPlatformManager.m in Sources */,
				0C7B94282068C2AA00B4B296 /* MyQRCodeVC.m in Sources */,
				0C879BBF1DD468CF00C3E86E /* AppDelegate.m in Sources */,
				0C119B651E7A3BDD002ED007 /* DDRouter.m in Sources */,
				0C879BBC1DD468CF00C3E86E /* main.m in Sources */,
				0C7B9404206783D700B4B296 /* SettingViewController.m in Sources */,
			);
			runOnlyForDeploymentPostprocessing = 0;
		};
		0C879BD11DD4692900C3E86E /* Sources */ = {
			isa = PBXSourcesBuildPhase;
			buildActionMask = 2147483647;
			files = (
				0C879BDE1DD4692900C3E86E /* NotificationViewController.m in Sources */,
				0C7B942A2068C2AA00B4B296 /* MyQRCodeVC.m in Sources */,
			);
			runOnlyForDeploymentPostprocessing = 0;
		};
		0C8B17B31DED5E3800FC3305 /* Sources */ = {
			isa = PBXSourcesBuildPhase;
			buildActionMask = 2147483647;
			files = (
				0C8B17BB1DED5E3800FC3305 /* NotificationService.m in Sources */,
				0C7B94292068C2AA00B4B296 /* MyQRCodeVC.m in Sources */,
			);
			runOnlyForDeploymentPostprocessing = 0;
		};
/* End PBXSourcesBuildPhase section */

/* Begin PBXTargetDependency section */
		0C879BE41DD4692900C3E86E /* PBXTargetDependency */ = {
			isa = PBXTargetDependency;
			target = 0C879BD41DD4692900C3E86E /* NotificationViewController */;
			targetProxy = 0C879BE31DD4692900C3E86E /* PBXContainerItemProxy */;
		};
		0C8B17BE1DED5E3800FC3305 /* PBXTargetDependency */ = {
			isa = PBXTargetDependency;
			target = 0C8B17B61DED5E3800FC3305 /* NotificationService */;
			targetProxy = 0C8B17BD1DED5E3800FC3305 /* PBXContainerItemProxy */;
		};
/* End PBXTargetDependency section */

/* Begin PBXVariantGroup section */
		0C879BC31DD468CF00C3E86E /* Main.storyboard */ = {
			isa = PBXVariantGroup;
			children = (
				0C879BC41DD468CF00C3E86E /* Base */,
			);
			name = Main.storyboard;
			sourceTree = "<group>";
		};
		0C879BC81DD468CF00C3E86E /* LaunchScreen.storyboard */ = {
			isa = PBXVariantGroup;
			children = (
				0C879BC91DD468CF00C3E86E /* Base */,
			);
			name = LaunchScreen.storyboard;
			sourceTree = "<group>";
		};
		0C879BDF1DD4692900C3E86E /* MainInterface.storyboard */ = {
			isa = PBXVariantGroup;
			children = (
				0C879BE01DD4692900C3E86E /* Base */,
			);
			name = MainInterface.storyboard;
			sourceTree = "<group>";
		};
/* End PBXVariantGroup section */

/* Begin XCBuildConfiguration section */
		0C879BCC1DD468CF00C3E86E /* Debug */ = {
			isa = XCBuildConfiguration;
			buildSettings = {
				ALWAYS_SEARCH_USER_PATHS = NO;
				CLANG_ANALYZER_NONNULL = YES;
				CLANG_CXX_LANGUAGE_STANDARD = "gnu++0x";
				CLANG_CXX_LIBRARY = "libc++";
				CLANG_ENABLE_MODULES = YES;
				CLANG_ENABLE_OBJC_ARC = YES;
				CLANG_WARN_BOOL_CONVERSION = YES;
				CLANG_WARN_CONSTANT_CONVERSION = YES;
				CLANG_WARN_DIRECT_OBJC_ISA_USAGE = YES_ERROR;
				CLANG_WARN_DOCUMENTATION_COMMENTS = YES;
				CLANG_WARN_EMPTY_BODY = YES;
				CLANG_WARN_ENUM_CONVERSION = YES;
				CLANG_WARN_INFINITE_RECURSION = YES;
				CLANG_WARN_INT_CONVERSION = YES;
				CLANG_WARN_OBJC_ROOT_CLASS = YES_ERROR;
				CLANG_WARN_SUSPICIOUS_MOVE = YES;
				CLANG_WARN_SUSPICIOUS_MOVES = YES;
				CLANG_WARN_UNREACHABLE_CODE = YES;
				CLANG_WARN__DUPLICATE_METHOD_MATCH = YES;
				"CODE_SIGN_IDENTITY[sdk=iphoneos*]" = "Apple Development IOS Push Services: com.dangdang.unc";
				COPY_PHASE_STRIP = NO;
				DEBUG_INFORMATION_FORMAT = dwarf;
				DEVELOPMENT_TEAM = ZTW9XPA927;
				ENABLE_BITCODE = NO;
				ENABLE_STRICT_OBJC_MSGSEND = YES;
				ENABLE_TESTABILITY = YES;
				GCC_C_LANGUAGE_STANDARD = gnu99;
				GCC_DYNAMIC_NO_PIC = NO;
				GCC_NO_COMMON_BLOCKS = YES;
				GCC_OPTIMIZATION_LEVEL = 0;
				GCC_PRECOMPILE_PREFIX_HEADER = YES;
				GCC_PREFIX_HEADER = TestNCEDeom/PrefixHeader.pch;
				GCC_PREPROCESSOR_DEFINITIONS = (
					"DEBUG=1",
					"$(inherited)",
				);
				GCC_WARN_64_TO_32_BIT_CONVERSION = YES;
				GCC_WARN_ABOUT_RETURN_TYPE = YES_ERROR;
				GCC_WARN_UNDECLARED_SELECTOR = YES;
				GCC_WARN_UNINITIALIZED_AUTOS = YES_AGGRESSIVE;
				GCC_WARN_UNUSED_FUNCTION = YES;
				GCC_WARN_UNUSED_VARIABLE = YES;
				IPHONEOS_DEPLOYMENT_TARGET = 10.0;
				MTL_ENABLE_DEBUG_INFO = YES;
				ONLY_ACTIVE_ARCH = YES;
				SDKROOT = iphoneos;
			};
			name = Debug;
		};
		0C879BCD1DD468CF00C3E86E /* Release */ = {
			isa = XCBuildConfiguration;
			buildSettings = {
				ALWAYS_SEARCH_USER_PATHS = NO;
				CLANG_ANALYZER_NONNULL = YES;
				CLANG_CXX_LANGUAGE_STANDARD = "gnu++0x";
				CLANG_CXX_LIBRARY = "libc++";
				CLANG_ENABLE_MODULES = YES;
				CLANG_ENABLE_OBJC_ARC = YES;
				CLANG_WARN_BOOL_CONVERSION = YES;
				CLANG_WARN_CONSTANT_CONVERSION = YES;
				CLANG_WARN_DIRECT_OBJC_ISA_USAGE = YES_ERROR;
				CLANG_WARN_DOCUMENTATION_COMMENTS = YES;
				CLANG_WARN_EMPTY_BODY = YES;
				CLANG_WARN_ENUM_CONVERSION = YES;
				CLANG_WARN_INFINITE_RECURSION = YES;
				CLANG_WARN_INT_CONVERSION = YES;
				CLANG_WARN_OBJC_ROOT_CLASS = YES_ERROR;
				CLANG_WARN_SUSPICIOUS_MOVE = YES;
				CLANG_WARN_SUSPICIOUS_MOVES = YES;
				CLANG_WARN_UNREACHABLE_CODE = YES;
				CLANG_WARN__DUPLICATE_METHOD_MATCH = YES;
				"CODE_SIGN_IDENTITY[sdk=iphoneos*]" = "iPhone Developer";
				COPY_PHASE_STRIP = NO;
				DEBUG_INFORMATION_FORMAT = "dwarf-with-dsym";
				DEVELOPMENT_TEAM = ZTW9XPA927;
				ENABLE_BITCODE = NO;
				ENABLE_NS_ASSERTIONS = NO;
				ENABLE_STRICT_OBJC_MSGSEND = YES;
				GCC_C_LANGUAGE_STANDARD = gnu99;
				GCC_NO_COMMON_BLOCKS = YES;
				GCC_PRECOMPILE_PREFIX_HEADER = YES;
				GCC_PREFIX_HEADER = TestNCEDeom/PrefixHeader.pch;
				GCC_WARN_64_TO_32_BIT_CONVERSION = YES;
				GCC_WARN_ABOUT_RETURN_TYPE = YES_ERROR;
				GCC_WARN_UNDECLARED_SELECTOR = YES;
				GCC_WARN_UNINITIALIZED_AUTOS = YES_AGGRESSIVE;
				GCC_WARN_UNUSED_FUNCTION = YES;
				GCC_WARN_UNUSED_VARIABLE = YES;
				IPHONEOS_DEPLOYMENT_TARGET = 10.0;
				MTL_ENABLE_DEBUG_INFO = NO;
				SDKROOT = iphoneos;
				VALIDATE_PRODUCT = YES;
			};
			name = Release;
		};
		0C879BCF1DD468CF00C3E86E /* Debug */ = {
			isa = XCBuildConfiguration;
			baseConfigurationReference = 99333128A0AA002658AA4511 /* Pods-TestNCEDeom.debug.xcconfig */;
			buildSettings = {
				ASSETCATALOG_COMPILER_APPICON_NAME = AppIcon;
				CODE_SIGN_ENTITLEMENTS = TestNCEDeom/TestNCEDeom.entitlements;
				"CODE_SIGN_IDENTITY[sdk=iphoneos*]" = "iPhone Developer";
				DEVELOPMENT_TEAM = ZTW9XPA927;
				ENABLE_BITCODE = NO;
				FRAMEWORK_SEARCH_PATHS = (
					"$(inherited)",
					"$(PROJECT_DIR)/Plugins",
				);
				GCC_PREFIX_HEADER = TestNCEDeom/PrefixHeader.pch;
				INFOPLIST_FILE = TestNCEDeom/Info.plist;
				LD_RUNPATH_SEARCH_PATHS = "$(inherited) @executable_path/Frameworks";
				PRODUCT_BUNDLE_IDENTIFIER = com.dangdang.unc;
				PRODUCT_NAME = "$(TARGET_NAME)";
			};
			name = Debug;
		};
		0C879BD01DD468CF00C3E86E /* Release */ = {
			isa = XCBuildConfiguration;
			baseConfigurationReference = 67D6EEDFD778C0243CC809BC /* Pods-TestNCEDeom.release.xcconfig */;
			buildSettings = {
				ASSETCATALOG_COMPILER_APPICON_NAME = AppIcon;
				CODE_SIGN_ENTITLEMENTS = TestNCEDeom/TestNCEDeom.entitlements;
				"CODE_SIGN_IDENTITY[sdk=iphoneos*]" = "iPhone Developer";
				DEVELOPMENT_TEAM = ZTW9XPA927;
				ENABLE_BITCODE = NO;
				FRAMEWORK_SEARCH_PATHS = (
					"$(inherited)",
					"$(PROJECT_DIR)/Plugins",
				);
				GCC_PREFIX_HEADER = TestNCEDeom/PrefixHeader.pch;
				INFOPLIST_FILE = TestNCEDeom/Info.plist;
				LD_RUNPATH_SEARCH_PATHS = "$(inherited) @executable_path/Frameworks";
				PRODUCT_BUNDLE_IDENTIFIER = com.dangdang.unc;
				PRODUCT_NAME = "$(TARGET_NAME)";
			};
			name = Release;
		};
		0C879BE71DD4692900C3E86E /* Debug */ = {
			isa = XCBuildConfiguration;
			baseConfigurationReference = C6E360E666737016737A4B55 /* Pods-NotificationViewController.debug.xcconfig */;
			buildSettings = {
				APPLICATION_EXTENSION_API_ONLY = NO;
				CODE_SIGN_ENTITLEMENTS = NotificationViewController/NotificationViewController.entitlements;
				"CODE_SIGN_IDENTITY[sdk=iphoneos*]" = "iPhone Developer";
				DEVELOPMENT_TEAM = ZTW9XPA927;
				FRAMEWORK_SEARCH_PATHS = (
					"$(inherited)",
					"$(PROJECT_DIR)/Plugins",
				);
				INFOPLIST_FILE = NotificationViewController/Info.plist;
				LD_RUNPATH_SEARCH_PATHS = "$(inherited) @executable_path/Frameworks @executable_path/../../Frameworks";
				PRODUCT_BUNDLE_IDENTIFIER = com.dangdang.unc.NotificationViewController;
				PRODUCT_NAME = "$(TARGET_NAME)";
				SKIP_INSTALL = YES;
			};
			name = Debug;
		};
		0C879BE81DD4692900C3E86E /* Release */ = {
			isa = XCBuildConfiguration;
			baseConfigurationReference = A5320CD2C106868ED3A17F8D /* Pods-NotificationViewController.release.xcconfig */;
			buildSettings = {
				APPLICATION_EXTENSION_API_ONLY = NO;
				CODE_SIGN_ENTITLEMENTS = NotificationViewController/NotificationViewController.entitlements;
				"CODE_SIGN_IDENTITY[sdk=iphoneos*]" = "iPhone Developer";
				DEVELOPMENT_TEAM = ZTW9XPA927;
				FRAMEWORK_SEARCH_PATHS = (
					"$(inherited)",
					"$(PROJECT_DIR)/Plugins",
				);
				INFOPLIST_FILE = NotificationViewController/Info.plist;
				LD_RUNPATH_SEARCH_PATHS = "$(inherited) @executable_path/Frameworks @executable_path/../../Frameworks";
				PRODUCT_BUNDLE_IDENTIFIER = com.dangdang.unc.NotificationViewController;
				PRODUCT_NAME = "$(TARGET_NAME)";
				SKIP_INSTALL = YES;
			};
			name = Release;
		};
		0C8B17C01DED5E3800FC3305 /* Debug */ = {
			isa = XCBuildConfiguration;
			baseConfigurationReference = BFB36F5A9B2D1395C6EE3C6A /* Pods-NotificationService.debug.xcconfig */;
			buildSettings = {
				APPLICATION_EXTENSION_API_ONLY = NO;
				CODE_SIGN_ENTITLEMENTS = NotificationService/NotificationService.entitlements;
				"CODE_SIGN_IDENTITY[sdk=iphoneos*]" = "iPhone Developer";
				DEVELOPMENT_TEAM = ZTW9XPA927;
				FRAMEWORK_SEARCH_PATHS = (
					"$(inherited)",
					"$(PROJECT_DIR)/Plugins",
				);
				INFOPLIST_FILE = NotificationService/Info.plist;
				IPHONEOS_DEPLOYMENT_TARGET = 10.0;
				LD_RUNPATH_SEARCH_PATHS = "$(inherited) @executable_path/Frameworks @executable_path/../../Frameworks";
				PRODUCT_BUNDLE_IDENTIFIER = com.dangdang.unc.NotificationService;
				PRODUCT_NAME = "$(TARGET_NAME)";
				SKIP_INSTALL = YES;
			};
			name = Debug;
		};
		0C8B17C11DED5E3800FC3305 /* Release */ = {
			isa = XCBuildConfiguration;
			baseConfigurationReference = 473CCD645C3A2DEFE044BF42 /* Pods-NotificationService.release.xcconfig */;
			buildSettings = {
				APPLICATION_EXTENSION_API_ONLY = NO;
				CODE_SIGN_ENTITLEMENTS = NotificationService/NotificationService.entitlements;
				"CODE_SIGN_IDENTITY[sdk=iphoneos*]" = "iPhone Developer";
				DEVELOPMENT_TEAM = ZTW9XPA927;
				FRAMEWORK_SEARCH_PATHS = (
					"$(inherited)",
					"$(PROJECT_DIR)/Plugins",
				);
				INFOPLIST_FILE = NotificationService/Info.plist;
				IPHONEOS_DEPLOYMENT_TARGET = 10.0;
				LD_RUNPATH_SEARCH_PATHS = "$(inherited) @executable_path/Frameworks @executable_path/../../Frameworks";
				PRODUCT_BUNDLE_IDENTIFIER = com.dangdang.unc.NotificationService;
				PRODUCT_NAME = "$(TARGET_NAME)";
				SKIP_INSTALL = YES;
			};
			name = Release;
		};
/* End XCBuildConfiguration section */

/* Begin XCConfigurationList section */
		0C879BB21DD468CF00C3E86E /* Build configuration list for PBXProject "TestNCEDeom" */ = {
			isa = XCConfigurationList;
			buildConfigurations = (
				0C879BCC1DD468CF00C3E86E /* Debug */,
				0C879BCD1DD468CF00C3E86E /* Release */,
			);
			defaultConfigurationIsVisible = 0;
			defaultConfigurationName = Release;
		};
		0C879BCE1DD468CF00C3E86E /* Build configuration list for PBXNativeTarget "TestNCEDeom" */ = {
			isa = XCConfigurationList;
			buildConfigurations = (
				0C879BCF1DD468CF00C3E86E /* Debug */,
				0C879BD01DD468CF00C3E86E /* Release */,
			);
			defaultConfigurationIsVisible = 0;
			defaultConfigurationName = Release;
		};
		0C879BE61DD4692900C3E86E /* Build configuration list for PBXNativeTarget "NotificationViewController" */ = {
			isa = XCConfigurationList;
			buildConfigurations = (
				0C879BE71DD4692900C3E86E /* Debug */,
				0C879BE81DD4692900C3E86E /* Release */,
			);
			defaultConfigurationIsVisible = 0;
			defaultConfigurationName = Release;
		};
		0C8B17C21DED5E3800FC3305 /* Build configuration list for PBXNativeTarget "NotificationService" */ = {
			isa = XCConfigurationList;
			buildConfigurations = (
				0C8B17C01DED5E3800FC3305 /* Debug */,
				0C8B17C11DED5E3800FC3305 /* Release */,
			);
			defaultConfigurationIsVisible = 0;
			defaultConfigurationName = Release;
		};
/* End XCConfigurationList section */
	};
	rootObject = 0C879BAF1DD468CF00C3E86E /* Project object */;
}
