// !$*UTF8*$!
{
	archiveVersion = 1;
	classes = {
	};
	objectVersion = 46;
	objects = {

/* Begin PBXBuildFile section */
		0C0FE3181EA9E41A00D74708 /* UIImage+ImageEffects.h in Headers */ = {isa = PBXBuildFile; fileRef = 0C0FE3161EA9E41A00D74708 /* UIImage+ImageEffects.h */; settings = {ATTRIBUTES = (Public, ); }; };
		0C0FE3191EA9E41A00D74708 /* UIImage+ImageEffects.m in Sources */ = {isa = PBXBuildFile; fileRef = 0C0FE3171EA9E41A00D74708 /* UIImage+ImageEffects.m */; };
		0C17AD601EA88C8D00238D29 /* DDMacros.h in Headers */ = {isa = PBXBuildFile; fileRef = 0C17AD5E1EA88C8D00238D29 /* DDMacros.h */; settings = {ATTRIBUTES = (Public, ); }; };
		0C17AD611EA88C8D00238D29 /* DDMacros.m in Sources */ = {isa = PBXBuildFile; fileRef = 0C17AD5F1EA88C8D00238D29 /* DDMacros.m */; };
		0C4F05FC1EDED0A000240092 /* RDWaitingDots.h in Headers */ = {isa = PBXBuildFile; fileRef = 0C4F05FA1EDED0A000240092 /* RDWaitingDots.h */; settings = {ATTRIBUTES = (Public, ); }; };
		0C4F05FD1EDED0A000240092 /* RDWaitingDots.m in Sources */ = {isa = PBXBuildFile; fileRef = 0C4F05FB1EDED0A000240092 /* RDWaitingDots.m */; };
		0C53B3911EE67A69003FFCE7 /* CHKeyChain.h in Headers */ = {isa = PBXBuildFile; fileRef = 0C53B38F1EE67A69003FFCE7 /* CHKeyChain.h */; settings = {ATTRIBUTES = (Public, ); }; };
		0C53B3921EE67A69003FFCE7 /* CHKeyChain.m in Sources */ = {isa = PBXBuildFile; fileRef = 0C53B3901EE67A69003FFCE7 /* CHKeyChain.m */; };
		0CA505B41E306F84000A23EB /* ThirdSDKs.h in Headers */ = {isa = PBXBuildFile; fileRef = 0CA505B21E306F84000A23EB /* ThirdSDKs.h */; settings = {ATTRIBUTES = (Public, ); }; };
		0CA505D71E307070000A23EB /* NWHub.h in Headers */ = {isa = PBXBuildFile; fileRef = 0CA505C21E307070000A23EB /* NWHub.h */; };
		0CA505D81E307070000A23EB /* NWHub.m in Sources */ = {isa = PBXBuildFile; fileRef = 0CA505C31E307070000A23EB /* NWHub.m */; };
		0CA505D91E307070000A23EB /* NWLCore.c in Sources */ = {isa = PBXBuildFile; fileRef = 0CA505C41E307070000A23EB /* NWLCore.c */; };
		0CA505DA1E307070000A23EB /* NWLCore.h in Headers */ = {isa = PBXBuildFile; fileRef = 0CA505C51E307070000A23EB /* NWLCore.h */; };
		0CA505DB1E307070000A23EB /* NWNotification.h in Headers */ = {isa = PBXBuildFile; fileRef = 0CA505C61E307070000A23EB /* NWNotification.h */; };
		0CA505DC1E307070000A23EB /* NWNotification.m in Sources */ = {isa = PBXBuildFile; fileRef = 0CA505C71E307070000A23EB /* NWNotification.m */; };
		0CA505DD1E307070000A23EB /* NWPusher.h in Headers */ = {isa = PBXBuildFile; fileRef = 0CA505C81E307070000A23EB /* NWPusher.h */; };
		0CA505DE1E307070000A23EB /* NWPusher.m in Sources */ = {isa = PBXBuildFile; fileRef = 0CA505C91E307070000A23EB /* NWPusher.m */; };
		0CA505DF1E307070000A23EB /* NWPushFeedback.h in Headers */ = {isa = PBXBuildFile; fileRef = 0CA505CA1E307070000A23EB /* NWPushFeedback.h */; };
		0CA505E01E307070000A23EB /* NWPushFeedback.m in Sources */ = {isa = PBXBuildFile; fileRef = 0CA505CB1E307070000A23EB /* NWPushFeedback.m */; };
		0CA505E11E307070000A23EB /* NWSecTools.h in Headers */ = {isa = PBXBuildFile; fileRef = 0CA505CC1E307070000A23EB /* NWSecTools.h */; };
		0CA505E21E307070000A23EB /* NWSecTools.m in Sources */ = {isa = PBXBuildFile; fileRef = 0CA505CD1E307070000A23EB /* NWSecTools.m */; };
		0CA505E31E307070000A23EB /* NWSSLConnection.h in Headers */ = {isa = PBXBuildFile; fileRef = 0CA505CE1E307070000A23EB /* NWSSLConnection.h */; };
		0CA505E41E307070000A23EB /* NWSSLConnection.m in Sources */ = {isa = PBXBuildFile; fileRef = 0CA505CF1E307070000A23EB /* NWSSLConnection.m */; };
		0CA505E51E307070000A23EB /* NWType.h in Headers */ = {isa = PBXBuildFile; fileRef = 0CA505D01E307070000A23EB /* NWType.h */; };
		0CA505E61E307070000A23EB /* NWType.m in Sources */ = {isa = PBXBuildFile; fileRef = 0CA505D11E307070000A23EB /* NWType.m */; };
		0CA505E71E307070000A23EB /* pusher.p12 in Resources */ = {isa = PBXBuildFile; fileRef = 0CA505D21E307070000A23EB /* pusher.p12 */; };
		0CA505E81E307070000A23EB /* RDPushSimuVC.h in Headers */ = {isa = PBXBuildFile; fileRef = 0CA505D31E307070000A23EB /* RDPushSimuVC.h */; settings = {ATTRIBUTES = (Public, ); }; };
		0CA505E91E307070000A23EB /* RDPushSimuVC.m in Sources */ = {isa = PBXBuildFile; fileRef = 0CA505D41E307070000A23EB /* RDPushSimuVC.m */; };
		0CA505EA1E307070000A23EB /* RDPushTool.h in Headers */ = {isa = PBXBuildFile; fileRef = 0CA505D51E307070000A23EB /* RDPushTool.h */; settings = {ATTRIBUTES = (Public, ); }; };
		0CA505EB1E307070000A23EB /* RDPushTool.m in Sources */ = {isa = PBXBuildFile; fileRef = 0CA505D61E307070000A23EB /* RDPushTool.m */; };
		0CA5060B1E308559000A23EB /* RDUserNotifyCenter.h in Headers */ = {isa = PBXBuildFile; fileRef = 0CA506091E308559000A23EB /* RDUserNotifyCenter.h */; settings = {ATTRIBUTES = (Public, ); }; };
		0CA5060C1E308559000A23EB /* RDUserNotifyCenter.m in Sources */ = {isa = PBXBuildFile; fileRef = 0CA5060A1E308559000A23EB /* RDUserNotifyCenter.m */; };
		0CA5063A1E31F4AF000A23EB /* JSONKit.h in Headers */ = {isa = PBXBuildFile; fileRef = 0CA506381E31F4AF000A23EB /* JSONKit.h */; settings = {ATTRIBUTES = (Public, ); }; };
		0CA5063B1E31F4AF000A23EB /* JSONKit.m in Sources */ = {isa = PBXBuildFile; fileRef = 0CA506391E31F4AF000A23EB /* JSONKit.m */; settings = {COMPILER_FLAGS = "-fno-objc-arc"; }; };
		0CA506521E31FE31000A23EB /* UIButton+Color.h in Headers */ = {isa = PBXBuildFile; fileRef = 0CA5064E1E31FE31000A23EB /* UIButton+Color.h */; settings = {ATTRIBUTES = (Public, ); }; };
		0CA506531E31FE31000A23EB /* UIButton+Color.m in Sources */ = {isa = PBXBuildFile; fileRef = 0CA5064F1E31FE31000A23EB /* UIButton+Color.m */; };
		0CA506541E31FE31000A23EB /* UIImage+Color.h in Headers */ = {isa = PBXBuildFile; fileRef = 0CA506501E31FE31000A23EB /* UIImage+Color.h */; settings = {ATTRIBUTES = (Public, ); }; };
		0CA506551E31FE31000A23EB /* UIImage+Color.m in Sources */ = {isa = PBXBuildFile; fileRef = 0CA506511E31FE31000A23EB /* UIImage+Color.m */; };
		0CA5065B1E31FFA4000A23EB /* DDFunction.h in Headers */ = {isa = PBXBuildFile; fileRef = 0CA506591E31FFA4000A23EB /* DDFunction.h */; settings = {ATTRIBUTES = (Public, ); }; };
		0CA5065C1E31FFA4000A23EB /* DDFunction.m in Sources */ = {isa = PBXBuildFile; fileRef = 0CA5065A1E31FFA4000A23EB /* DDFunction.m */; settings = {COMPILER_FLAGS = "-fno-objc-arc"; }; };
		0CA506661E320034000A23EB /* DDEffectView.h in Headers */ = {isa = PBXBuildFile; fileRef = 0CA5065E1E320034000A23EB /* DDEffectView.h */; };
		0CA506671E320034000A23EB /* DDEffectView.m in Sources */ = {isa = PBXBuildFile; fileRef = 0CA5065F1E320034000A23EB /* DDEffectView.m */; settings = {COMPILER_FLAGS = "-fno-objc-arc"; }; };
		0CA506681E320034000A23EB /* DDMoveShowView.h in Headers */ = {isa = PBXBuildFile; fileRef = 0CA506601E320034000A23EB /* DDMoveShowView.h */; settings = {ATTRIBUTES = (Public, ); }; };
		0CA506691E320034000A23EB /* DDMoveShowView.m in Sources */ = {isa = PBXBuildFile; fileRef = 0CA506611E320034000A23EB /* DDMoveShowView.m */; settings = {COMPILER_FLAGS = "-fno-objc-arc"; }; };
		0CA5066A1E320034000A23EB /* DDSlideLayer.h in Headers */ = {isa = PBXBuildFile; fileRef = 0CA506621E320034000A23EB /* DDSlideLayer.h */; settings = {ATTRIBUTES = (Public, ); }; };
		0CA5066B1E320034000A23EB /* DDSlideLayer.m in Sources */ = {isa = PBXBuildFile; fileRef = 0CA506631E320034000A23EB /* DDSlideLayer.m */; settings = {COMPILER_FLAGS = "-fno-objc-arc"; }; };
		0CA506781E320390000A23EB /* DDTableView.h in Headers */ = {isa = PBXBuildFile; fileRef = 0CA5066F1E320390000A23EB /* DDTableView.h */; settings = {ATTRIBUTES = (Public, ); }; };
		0CA506791E320390000A23EB /* DDTableView.m in Sources */ = {isa = PBXBuildFile; fileRef = 0CA506701E320390000A23EB /* DDTableView.m */; settings = {COMPILER_FLAGS = "-fno-objc-arc"; }; };
		0CA5067A1E320390000A23EB /* DDTLogoView.h in Headers */ = {isa = PBXBuildFile; fileRef = 0CA506721E320390000A23EB /* DDTLogoView.h */; settings = {ATTRIBUTES = (Public, ); }; };
		0CA5067B1E320390000A23EB /* DDTLogoView.m in Sources */ = {isa = PBXBuildFile; fileRef = 0CA506731E320390000A23EB /* DDTLogoView.m */; settings = {COMPILER_FLAGS = "-fno-objc-arc"; }; };
		0CA5067C1E320390000A23EB /* DDTMoreFooterView.h in Headers */ = {isa = PBXBuildFile; fileRef = 0CA506741E320390000A23EB /* DDTMoreFooterView.h */; settings = {ATTRIBUTES = (Public, ); }; };
		0CA5067D1E320390000A23EB /* DDTMoreFooterView.m in Sources */ = {isa = PBXBuildFile; fileRef = 0CA506751E320390000A23EB /* DDTMoreFooterView.m */; settings = {COMPILER_FLAGS = "-fno-objc-arc"; }; };
		0CA5067E1E320390000A23EB /* DDTRefreshCoverView.h in Headers */ = {isa = PBXBuildFile; fileRef = 0CA506761E320390000A23EB /* DDTRefreshCoverView.h */; settings = {ATTRIBUTES = (Public, ); }; };
		0CA5067F1E320390000A23EB /* DDTRefreshCoverView.m in Sources */ = {isa = PBXBuildFile; fileRef = 0CA506771E320390000A23EB /* DDTRefreshCoverView.m */; settings = {COMPILER_FLAGS = "-fno-objc-arc"; }; };
		0CA506921E32046D000A23EB /* ISRefresgControlIcon.png in Resources */ = {isa = PBXBuildFile; fileRef = 0CA506821E32046D000A23EB /* ISRefresgControlIcon.png */; };
		0CA506931E32046D000A23EB /* ISRefresgControlIcon@2x.png in Resources */ = {isa = PBXBuildFile; fileRef = 0CA506831E32046D000A23EB /* ISRefresgControlIcon@2x.png */; };
		0CA506941E32046D000A23EB /* ISGumView.h in Headers */ = {isa = PBXBuildFile; fileRef = 0CA506841E32046D000A23EB /* ISGumView.h */; };
		0CA506951E32046D000A23EB /* ISGumView.m in Sources */ = {isa = PBXBuildFile; fileRef = 0CA506851E32046D000A23EB /* ISGumView.m */; settings = {COMPILER_FLAGS = "-fno-objc-arc"; }; };
		0CA506961E32046D000A23EB /* ISMethodSwizzling.h in Headers */ = {isa = PBXBuildFile; fileRef = 0CA506861E32046D000A23EB /* ISMethodSwizzling.h */; };
		0CA506971E32046D000A23EB /* ISMethodSwizzling.m in Sources */ = {isa = PBXBuildFile; fileRef = 0CA506871E32046D000A23EB /* ISMethodSwizzling.m */; settings = {COMPILER_FLAGS = "-fno-objc-arc"; }; };
		0CA506981E32046D000A23EB /* ISRefreshControl.h in Headers */ = {isa = PBXBuildFile; fileRef = 0CA506881E32046D000A23EB /* ISRefreshControl.h */; settings = {ATTRIBUTES = (Public, ); }; };
		0CA506991E32046D000A23EB /* ISRefreshControl.m in Sources */ = {isa = PBXBuildFile; fileRef = 0CA506891E32046D000A23EB /* ISRefreshControl.m */; settings = {COMPILER_FLAGS = "-fno-objc-arc"; }; };
		0CA5069A1E32046D000A23EB /* ISScalingActivityIndicatorView.h in Headers */ = {isa = PBXBuildFile; fileRef = 0CA5068A1E32046D000A23EB /* ISScalingActivityIndicatorView.h */; };
		0CA5069B1E32046D000A23EB /* ISScalingActivityIndicatorView.m in Sources */ = {isa = PBXBuildFile; fileRef = 0CA5068B1E32046D000A23EB /* ISScalingActivityIndicatorView.m */; settings = {COMPILER_FLAGS = "-fno-objc-arc"; }; };
		0CA5069C1E32046D000A23EB /* UIColor+ISRefreshControl.h in Headers */ = {isa = PBXBuildFile; fileRef = 0CA5068C1E32046D000A23EB /* UIColor+ISRefreshControl.h */; };
		0CA5069D1E32046D000A23EB /* UIColor+ISRefreshControl.m in Sources */ = {isa = PBXBuildFile; fileRef = 0CA5068D1E32046D000A23EB /* UIColor+ISRefreshControl.m */; settings = {COMPILER_FLAGS = "-fno-objc-arc"; }; };
		0CA5069E1E32046D000A23EB /* UITableView+ISRefreshControl.h in Headers */ = {isa = PBXBuildFile; fileRef = 0CA5068E1E32046D000A23EB /* UITableView+ISRefreshControl.h */; };
		0CA5069F1E32046D000A23EB /* UITableView+ISRefreshControl.m in Sources */ = {isa = PBXBuildFile; fileRef = 0CA5068F1E32046D000A23EB /* UITableView+ISRefreshControl.m */; settings = {COMPILER_FLAGS = "-fno-objc-arc"; }; };
		0CA506A01E32046D000A23EB /* UITableViewController+ISRefreshControl.h in Headers */ = {isa = PBXBuildFile; fileRef = 0CA506901E32046D000A23EB /* UITableViewController+ISRefreshControl.h */; };
		0CA506A11E32046D000A23EB /* UITableViewController+ISRefreshControl.m in Sources */ = {isa = PBXBuildFile; fileRef = 0CA506911E32046D000A23EB /* UITableViewController+ISRefreshControl.m */; settings = {COMPILER_FLAGS = "-fno-objc-arc"; }; };
		0CC237501ED404E500E65C5F /* UIButton+Spin.h in Headers */ = {isa = PBXBuildFile; fileRef = 0CC2374E1ED404E500E65C5F /* UIButton+Spin.h */; settings = {ATTRIBUTES = (Public, ); }; };
		0CC237511ED404E500E65C5F /* UIButton+Spin.m in Sources */ = {isa = PBXBuildFile; fileRef = 0CC2374F1ED404E500E65C5F /* UIButton+Spin.m */; };
		0CC237581ED847DF00E65C5F /* UIView+Effect.h in Headers */ = {isa = PBXBuildFile; fileRef = 0CC237561ED847DF00E65C5F /* UIView+Effect.h */; settings = {ATTRIBUTES = (Public, ); }; };
		0CC237591ED847DF00E65C5F /* UIView+Effect.m in Sources */ = {isa = PBXBuildFile; fileRef = 0CC237571ED847DF00E65C5F /* UIView+Effect.m */; };
		0CC237661EDA4E6000E65C5F /* AudioPlayer.h in Headers */ = {isa = PBXBuildFile; fileRef = 0CC237641EDA4E6000E65C5F /* AudioPlayer.h */; settings = {ATTRIBUTES = (Public, ); }; };
		0CC237671EDA4E6000E65C5F /* AudioPlayer.m in Sources */ = {isa = PBXBuildFile; fileRef = 0CC237651EDA4E6000E65C5F /* AudioPlayer.m */; settings = {COMPILER_FLAGS = "-fno-objc-arc"; }; };
		0CC6D9D51ECC52C10055770C /* DDMoveableView.h in Headers */ = {isa = PBXBuildFile; fileRef = 0CC6D9D31ECC52C10055770C /* DDMoveableView.h */; settings = {ATTRIBUTES = (Public, ); }; };
		0CC6D9D61ECC52C10055770C /* DDMoveableView.m in Sources */ = {isa = PBXBuildFile; fileRef = 0CC6D9D41ECC52C10055770C /* DDMoveableView.m */; settings = {COMPILER_FLAGS = "-fno-objc-arc"; }; };
		0CCA98E01EEAC2EE000B60C7 /* RDConnectDots.h in Headers */ = {isa = PBXBuildFile; fileRef = 0CCA98DE1EEAC2EE000B60C7 /* RDConnectDots.h */; settings = {ATTRIBUTES = (Public, ); }; };
		0CCA98E11EEAC2EE000B60C7 /* RDConnectDots.m in Sources */ = {isa = PBXBuildFile; fileRef = 0CCA98DF1EEAC2EE000B60C7 /* RDConnectDots.m */; };
		0CE1FFC21E60200500CDA679 /* DDScrollButton.h in Headers */ = {isa = PBXBuildFile; fileRef = 0CE1FFC01E60200500CDA679 /* DDScrollButton.h */; settings = {ATTRIBUTES = (Public, ); }; };
		0CE1FFC31E60200500CDA679 /* DDScrollButton.m in Sources */ = {isa = PBXBuildFile; fileRef = 0CE1FFC11E60200500CDA679 /* DDScrollButton.m */; settings = {COMPILER_FLAGS = "-fno-objc-arc"; }; };
/* End PBXBuildFile section */

/* Begin PBXFileReference section */
		0C0FE3161EA9E41A00D74708 /* UIImage+ImageEffects.h */ = {isa = PBXFileReference; fileEncoding = 4; lastKnownFileType = sourcecode.c.h; path = "UIImage+ImageEffects.h"; sourceTree = "<group>"; };
		0C0FE3171EA9E41A00D74708 /* UIImage+ImageEffects.m */ = {isa = PBXFileReference; fileEncoding = 4; lastKnownFileType = sourcecode.c.objc; path = "UIImage+ImageEffects.m"; sourceTree = "<group>"; };
		0C17AD5E1EA88C8D00238D29 /* DDMacros.h */ = {isa = PBXFileReference; fileEncoding = 4; lastKnownFileType = sourcecode.c.h; path = DDMacros.h; sourceTree = "<group>"; };
		0C17AD5F1EA88C8D00238D29 /* DDMacros.m */ = {isa = PBXFileReference; fileEncoding = 4; lastKnownFileType = sourcecode.c.objc; path = DDMacros.m; sourceTree = "<group>"; };
		0C4F05FA1EDED0A000240092 /* RDWaitingDots.h */ = {isa = PBXFileReference; fileEncoding = 4; lastKnownFileType = sourcecode.c.h; path = RDWaitingDots.h; sourceTree = "<group>"; };
		0C4F05FB1EDED0A000240092 /* RDWaitingDots.m */ = {isa = PBXFileReference; fileEncoding = 4; lastKnownFileType = sourcecode.c.objc; path = RDWaitingDots.m; sourceTree = "<group>"; };
		0C53B38F1EE67A69003FFCE7 /* CHKeyChain.h */ = {isa = PBXFileReference; fileEncoding = 4; lastKnownFileType = sourcecode.c.h; path = CHKeyChain.h; sourceTree = "<group>"; };
		0C53B3901EE67A69003FFCE7 /* CHKeyChain.m */ = {isa = PBXFileReference; fileEncoding = 4; lastKnownFileType = sourcecode.c.objc; path = CHKeyChain.m; sourceTree = "<group>"; };
		0CA505AF1E306F84000A23EB /* ThirdSDKs.framework */ = {isa = PBXFileReference; explicitFileType = wrapper.framework; includeInIndex = 0; path = ThirdSDKs.framework; sourceTree = BUILT_PRODUCTS_DIR; };
		0CA505B21E306F84000A23EB /* ThirdSDKs.h */ = {isa = PBXFileReference; lastKnownFileType = sourcecode.c.h; path = ThirdSDKs.h; sourceTree = "<group>"; };
		0CA505B31E306F84000A23EB /* Info.plist */ = {isa = PBXFileReference; lastKnownFileType = text.plist.xml; path = Info.plist; sourceTree = "<group>"; };
		0CA505C21E307070000A23EB /* NWHub.h */ = {isa = PBXFileReference; fileEncoding = 4; lastKnownFileType = sourcecode.c.h; path = NWHub.h; sourceTree = "<group>"; };
		0CA505C31E307070000A23EB /* NWHub.m */ = {isa = PBXFileReference; fileEncoding = 4; lastKnownFileType = sourcecode.c.objc; path = NWHub.m; sourceTree = "<group>"; };
		0CA505C41E307070000A23EB /* NWLCore.c */ = {isa = PBXFileReference; fileEncoding = 4; lastKnownFileType = sourcecode.c.c; path = NWLCore.c; sourceTree = "<group>"; };
		0CA505C51E307070000A23EB /* NWLCore.h */ = {isa = PBXFileReference; fileEncoding = 4; lastKnownFileType = sourcecode.c.h; path = NWLCore.h; sourceTree = "<group>"; };
		0CA505C61E307070000A23EB /* NWNotification.h */ = {isa = PBXFileReference; fileEncoding = 4; lastKnownFileType = sourcecode.c.h; path = NWNotification.h; sourceTree = "<group>"; };
		0CA505C71E307070000A23EB /* NWNotification.m */ = {isa = PBXFileReference; fileEncoding = 4; lastKnownFileType = sourcecode.c.objc; path = NWNotification.m; sourceTree = "<group>"; };
		0CA505C81E307070000A23EB /* NWPusher.h */ = {isa = PBXFileReference; fileEncoding = 4; lastKnownFileType = sourcecode.c.h; path = NWPusher.h; sourceTree = "<group>"; };
		0CA505C91E307070000A23EB /* NWPusher.m */ = {isa = PBXFileReference; fileEncoding = 4; lastKnownFileType = sourcecode.c.objc; path = NWPusher.m; sourceTree = "<group>"; };
		0CA505CA1E307070000A23EB /* NWPushFeedback.h */ = {isa = PBXFileReference; fileEncoding = 4; lastKnownFileType = sourcecode.c.h; path = NWPushFeedback.h; sourceTree = "<group>"; };
		0CA505CB1E307070000A23EB /* NWPushFeedback.m */ = {isa = PBXFileReference; fileEncoding = 4; lastKnownFileType = sourcecode.c.objc; path = NWPushFeedback.m; sourceTree = "<group>"; };
		0CA505CC1E307070000A23EB /* NWSecTools.h */ = {isa = PBXFileReference; fileEncoding = 4; lastKnownFileType = sourcecode.c.h; path = NWSecTools.h; sourceTree = "<group>"; };
		0CA505CD1E307070000A23EB /* NWSecTools.m */ = {isa = PBXFileReference; fileEncoding = 4; lastKnownFileType = sourcecode.c.objc; path = NWSecTools.m; sourceTree = "<group>"; };
		0CA505CE1E307070000A23EB /* NWSSLConnection.h */ = {isa = PBXFileReference; fileEncoding = 4; lastKnownFileType = sourcecode.c.h; path = NWSSLConnection.h; sourceTree = "<group>"; };
		0CA505CF1E307070000A23EB /* NWSSLConnection.m */ = {isa = PBXFileReference; fileEncoding = 4; lastKnownFileType = sourcecode.c.objc; path = NWSSLConnection.m; sourceTree = "<group>"; };
		0CA505D01E307070000A23EB /* NWType.h */ = {isa = PBXFileReference; fileEncoding = 4; lastKnownFileType = sourcecode.c.h; path = NWType.h; sourceTree = "<group>"; };
		0CA505D11E307070000A23EB /* NWType.m */ = {isa = PBXFileReference; fileEncoding = 4; lastKnownFileType = sourcecode.c.objc; path = NWType.m; sourceTree = "<group>"; };
		0CA505D21E307070000A23EB /* pusher.p12 */ = {isa = PBXFileReference; lastKnownFileType = file; path = pusher.p12; sourceTree = "<group>"; };
		0CA505D31E307070000A23EB /* RDPushSimuVC.h */ = {isa = PBXFileReference; fileEncoding = 4; lastKnownFileType = sourcecode.c.h; path = RDPushSimuVC.h; sourceTree = "<group>"; };
		0CA505D41E307070000A23EB /* RDPushSimuVC.m */ = {isa = PBXFileReference; fileEncoding = 4; lastKnownFileType = sourcecode.c.objc; path = RDPushSimuVC.m; sourceTree = "<group>"; };
		0CA505D51E307070000A23EB /* RDPushTool.h */ = {isa = PBXFileReference; fileEncoding = 4; lastKnownFileType = sourcecode.c.h; path = RDPushTool.h; sourceTree = "<group>"; };
		0CA505D61E307070000A23EB /* RDPushTool.m */ = {isa = PBXFileReference; fileEncoding = 4; lastKnownFileType = sourcecode.c.objc; path = RDPushTool.m; sourceTree = "<group>"; };
		0CA506091E308559000A23EB /* RDUserNotifyCenter.h */ = {isa = PBXFileReference; fileEncoding = 4; lastKnownFileType = sourcecode.c.h; path = RDUserNotifyCenter.h; sourceTree = "<group>"; };
		0CA5060A1E308559000A23EB /* RDUserNotifyCenter.m */ = {isa = PBXFileReference; fileEncoding = 4; lastKnownFileType = sourcecode.c.objc; path = RDUserNotifyCenter.m; sourceTree = "<group>"; };
		0CA506381E31F4AF000A23EB /* JSONKit.h */ = {isa = PBXFileReference; fileEncoding = 4; lastKnownFileType = sourcecode.c.h; path = JSONKit.h; sourceTree = "<group>"; };
		0CA506391E31F4AF000A23EB /* JSONKit.m */ = {isa = PBXFileReference; fileEncoding = 4; lastKnownFileType = sourcecode.c.objc; path = JSONKit.m; sourceTree = "<group>"; };
		0CA5064E1E31FE31000A23EB /* UIButton+Color.h */ = {isa = PBXFileReference; fileEncoding = 4; lastKnownFileType = sourcecode.c.h; path = "UIButton+Color.h"; sourceTree = "<group>"; };
		0CA5064F1E31FE31000A23EB /* UIButton+Color.m */ = {isa = PBXFileReference; fileEncoding = 4; lastKnownFileType = sourcecode.c.objc; path = "UIButton+Color.m"; sourceTree = "<group>"; };
		0CA506501E31FE31000A23EB /* UIImage+Color.h */ = {isa = PBXFileReference; fileEncoding = 4; lastKnownFileType = sourcecode.c.h; path = "UIImage+Color.h"; sourceTree = "<group>"; };
		0CA506511E31FE31000A23EB /* UIImage+Color.m */ = {isa = PBXFileReference; fileEncoding = 4; lastKnownFileType = sourcecode.c.objc; path = "UIImage+Color.m"; sourceTree = "<group>"; };
		0CA506591E31FFA4000A23EB /* DDFunction.h */ = {isa = PBXFileReference; fileEncoding = 4; lastKnownFileType = sourcecode.c.h; path = DDFunction.h; sourceTree = "<group>"; };
		0CA5065A1E31FFA4000A23EB /* DDFunction.m */ = {isa = PBXFileReference; fileEncoding = 4; lastKnownFileType = sourcecode.c.objc; path = DDFunction.m; sourceTree = "<group>"; };
		0CA5065E1E320034000A23EB /* DDEffectView.h */ = {isa = PBXFileReference; fileEncoding = 4; lastKnownFileType = sourcecode.c.h; path = DDEffectView.h; sourceTree = "<group>"; };
		0CA5065F1E320034000A23EB /* DDEffectView.m */ = {isa = PBXFileReference; fileEncoding = 4; lastKnownFileType = sourcecode.c.objc; path = DDEffectView.m; sourceTree = "<group>"; };
		0CA506601E320034000A23EB /* DDMoveShowView.h */ = {isa = PBXFileReference; fileEncoding = 4; lastKnownFileType = sourcecode.c.h; path = DDMoveShowView.h; sourceTree = "<group>"; };
		0CA506611E320034000A23EB /* DDMoveShowView.m */ = {isa = PBXFileReference; fileEncoding = 4; lastKnownFileType = sourcecode.c.objc; path = DDMoveShowView.m; sourceTree = "<group>"; };
		0CA506621E320034000A23EB /* DDSlideLayer.h */ = {isa = PBXFileReference; fileEncoding = 4; lastKnownFileType = sourcecode.c.h; path = DDSlideLayer.h; sourceTree = "<group>"; };
		0CA506631E320034000A23EB /* DDSlideLayer.m */ = {isa = PBXFileReference; fileEncoding = 4; lastKnownFileType = sourcecode.c.objc; path = DDSlideLayer.m; sourceTree = "<group>"; };
		0CA5066F1E320390000A23EB /* DDTableView.h */ = {isa = PBXFileReference; fileEncoding = 4; lastKnownFileType = sourcecode.c.h; path = DDTableView.h; sourceTree = "<group>"; };
		0CA506701E320390000A23EB /* DDTableView.m */ = {isa = PBXFileReference; fileEncoding = 4; lastKnownFileType = sourcecode.c.objc; path = DDTableView.m; sourceTree = "<group>"; };
		0CA506721E320390000A23EB /* DDTLogoView.h */ = {isa = PBXFileReference; fileEncoding = 4; lastKnownFileType = sourcecode.c.h; path = DDTLogoView.h; sourceTree = "<group>"; };
		0CA506731E320390000A23EB /* DDTLogoView.m */ = {isa = PBXFileReference; fileEncoding = 4; lastKnownFileType = sourcecode.c.objc; path = DDTLogoView.m; sourceTree = "<group>"; };
		0CA506741E320390000A23EB /* DDTMoreFooterView.h */ = {isa = PBXFileReference; fileEncoding = 4; lastKnownFileType = sourcecode.c.h; path = DDTMoreFooterView.h; sourceTree = "<group>"; };
		0CA506751E320390000A23EB /* DDTMoreFooterView.m */ = {isa = PBXFileReference; fileEncoding = 4; lastKnownFileType = sourcecode.c.objc; path = DDTMoreFooterView.m; sourceTree = "<group>"; };
		0CA506761E320390000A23EB /* DDTRefreshCoverView.h */ = {isa = PBXFileReference; fileEncoding = 4; lastKnownFileType = sourcecode.c.h; path = DDTRefreshCoverView.h; sourceTree = "<group>"; };
		0CA506771E320390000A23EB /* DDTRefreshCoverView.m */ = {isa = PBXFileReference; fileEncoding = 4; lastKnownFileType = sourcecode.c.objc; path = DDTRefreshCoverView.m; sourceTree = "<group>"; };
		0CA506821E32046D000A23EB /* ISRefresgControlIcon.png */ = {isa = PBXFileReference; lastKnownFileType = image.png; path = ISRefresgControlIcon.png; sourceTree = "<group>"; };
		0CA506831E32046D000A23EB /* ISRefresgControlIcon@2x.png */ = {isa = PBXFileReference; lastKnownFileType = image.png; path = "ISRefresgControlIcon@2x.png"; sourceTree = "<group>"; };
		0CA506841E32046D000A23EB /* ISGumView.h */ = {isa = PBXFileReference; fileEncoding = 4; lastKnownFileType = sourcecode.c.h; path = ISGumView.h; sourceTree = "<group>"; };
		0CA506851E32046D000A23EB /* ISGumView.m */ = {isa = PBXFileReference; fileEncoding = 4; lastKnownFileType = sourcecode.c.objc; path = ISGumView.m; sourceTree = "<group>"; };
		0CA506861E32046D000A23EB /* ISMethodSwizzling.h */ = {isa = PBXFileReference; fileEncoding = 4; lastKnownFileType = sourcecode.c.h; path = ISMethodSwizzling.h; sourceTree = "<group>"; };
		0CA506871E32046D000A23EB /* ISMethodSwizzling.m */ = {isa = PBXFileReference; fileEncoding = 4; lastKnownFileType = sourcecode.c.objc; path = ISMethodSwizzling.m; sourceTree = "<group>"; };
		0CA506881E32046D000A23EB /* ISRefreshControl.h */ = {isa = PBXFileReference; fileEncoding = 4; lastKnownFileType = sourcecode.c.h; path = ISRefreshControl.h; sourceTree = "<group>"; };
		0CA506891E32046D000A23EB /* ISRefreshControl.m */ = {isa = PBXFileReference; fileEncoding = 4; lastKnownFileType = sourcecode.c.objc; path = ISRefreshControl.m; sourceTree = "<group>"; };
		0CA5068A1E32046D000A23EB /* ISScalingActivityIndicatorView.h */ = {isa = PBXFileReference; fileEncoding = 4; lastKnownFileType = sourcecode.c.h; path = ISScalingActivityIndicatorView.h; sourceTree = "<group>"; };
		0CA5068B1E32046D000A23EB /* ISScalingActivityIndicatorView.m */ = {isa = PBXFileReference; fileEncoding = 4; lastKnownFileType = sourcecode.c.objc; path = ISScalingActivityIndicatorView.m; sourceTree = "<group>"; };
		0CA5068C1E32046D000A23EB /* UIColor+ISRefreshControl.h */ = {isa = PBXFileReference; fileEncoding = 4; lastKnownFileType = sourcecode.c.h; path = "UIColor+ISRefreshControl.h"; sourceTree = "<group>"; };
		0CA5068D1E32046D000A23EB /* UIColor+ISRefreshControl.m */ = {isa = PBXFileReference; fileEncoding = 4; lastKnownFileType = sourcecode.c.objc; path = "UIColor+ISRefreshControl.m"; sourceTree = "<group>"; };
		0CA5068E1E32046D000A23EB /* UITableView+ISRefreshControl.h */ = {isa = PBXFileReference; fileEncoding = 4; lastKnownFileType = sourcecode.c.h; path = "UITableView+ISRefreshControl.h"; sourceTree = "<group>"; };
		0CA5068F1E32046D000A23EB /* UITableView+ISRefreshControl.m */ = {isa = PBXFileReference; fileEncoding = 4; lastKnownFileType = sourcecode.c.objc; path = "UITableView+ISRefreshControl.m"; sourceTree = "<group>"; };
		0CA506901E32046D000A23EB /* UITableViewController+ISRefreshControl.h */ = {isa = PBXFileReference; fileEncoding = 4; lastKnownFileType = sourcecode.c.h; path = "UITableViewController+ISRefreshControl.h"; sourceTree = "<group>"; };
		0CA506911E32046D000A23EB /* UITableViewController+ISRefreshControl.m */ = {isa = PBXFileReference; fileEncoding = 4; lastKnownFileType = sourcecode.c.objc; path = "UITableViewController+ISRefreshControl.m"; sourceTree = "<group>"; };
		0CC2374E1ED404E500E65C5F /* UIButton+Spin.h */ = {isa = PBXFileReference; fileEncoding = 4; lastKnownFileType = sourcecode.c.h; path = "UIButton+Spin.h"; sourceTree = "<group>"; };
		0CC2374F1ED404E500E65C5F /* UIButton+Spin.m */ = {isa = PBXFileReference; fileEncoding = 4; lastKnownFileType = sourcecode.c.objc; path = "UIButton+Spin.m"; sourceTree = "<group>"; };
		0CC237561ED847DF00E65C5F /* UIView+Effect.h */ = {isa = PBXFileReference; fileEncoding = 4; lastKnownFileType = sourcecode.c.h; path = "UIView+Effect.h"; sourceTree = "<group>"; };
		0CC237571ED847DF00E65C5F /* UIView+Effect.m */ = {isa = PBXFileReference; fileEncoding = 4; lastKnownFileType = sourcecode.c.objc; path = "UIView+Effect.m"; sourceTree = "<group>"; };
		0CC237641EDA4E6000E65C5F /* AudioPlayer.h */ = {isa = PBXFileReference; fileEncoding = 4; lastKnownFileType = sourcecode.c.h; path = AudioPlayer.h; sourceTree = "<group>"; };
		0CC237651EDA4E6000E65C5F /* AudioPlayer.m */ = {isa = PBXFileReference; fileEncoding = 4; lastKnownFileType = sourcecode.c.objc; path = AudioPlayer.m; sourceTree = "<group>"; };
		0CC6D9D31ECC52C10055770C /* DDMoveableView.h */ = {isa = PBXFileReference; fileEncoding = 4; lastKnownFileType = sourcecode.c.h; path = DDMoveableView.h; sourceTree = "<group>"; };
		0CC6D9D41ECC52C10055770C /* DDMoveableView.m */ = {isa = PBXFileReference; fileEncoding = 4; lastKnownFileType = sourcecode.c.objc; path = DDMoveableView.m; sourceTree = "<group>"; };
		0CCA98DE1EEAC2EE000B60C7 /* RDConnectDots.h */ = {isa = PBXFileReference; fileEncoding = 4; lastKnownFileType = sourcecode.c.h; path = RDConnectDots.h; sourceTree = "<group>"; };
		0CCA98DF1EEAC2EE000B60C7 /* RDConnectDots.m */ = {isa = PBXFileReference; fileEncoding = 4; lastKnownFileType = sourcecode.c.objc; path = RDConnectDots.m; sourceTree = "<group>"; };
		0CE1FFC01E60200500CDA679 /* DDScrollButton.h */ = {isa = PBXFileReference; fileEncoding = 4; lastKnownFileType = sourcecode.c.h; path = DDScrollButton.h; sourceTree = "<group>"; };
		0CE1FFC11E60200500CDA679 /* DDScrollButton.m */ = {isa = PBXFileReference; fileEncoding = 4; lastKnownFileType = sourcecode.c.objc; path = DDScrollButton.m; sourceTree = "<group>"; };
/* End PBXFileReference section */

/* Begin PBXFrameworksBuildPhase section */
		0CA505AB1E306F84000A23EB /* Frameworks */ = {
			isa = PBXFrameworksBuildPhase;
			buildActionMask = 2147483647;
			files = (
			);
			runOnlyForDeploymentPostprocessing = 0;
		};
/* End PBXFrameworksBuildPhase section */

/* Begin PBXGroup section */
		0C4F05F91EDED0A000240092 /* RDWaitingDots */ = {
			isa = PBXGroup;
			children = (
				0C4F05FA1EDED0A000240092 /* RDWaitingDots.h */,
				0C4F05FB1EDED0A000240092 /* RDWaitingDots.m */,
			);
			path = RDWaitingDots;
			sourceTree = "<group>";
		};
		0C53B38E1EE67A69003FFCE7 /* KeyChain */ = {
			isa = PBXGroup;
			children = (
				0C53B38F1EE67A69003FFCE7 /* CHKeyChain.h */,
				0C53B3901EE67A69003FFCE7 /* CHKeyChain.m */,
			);
			path = KeyChain;
			sourceTree = "<group>";
		};
		0CA505A51E306F84000A23EB = {
			isa = PBXGroup;
			children = (
				0CA505B11E306F84000A23EB /* ThirdSDKs */,
				0CA505B01E306F84000A23EB /* Products */,
			);
			sourceTree = "<group>";
		};
		0CA505B01E306F84000A23EB /* Products */ = {
			isa = PBXGroup;
			children = (
				0CA505AF1E306F84000A23EB /* ThirdSDKs.framework */,
			);
			name = Products;
			sourceTree = "<group>";
		};
		0CA505B11E306F84000A23EB /* ThirdSDKs */ = {
			isa = PBXGroup;
			children = (
				0CCA98DD1EEAC2EE000B60C7 /* RDConnectDots */,
				0C53B38E1EE67A69003FFCE7 /* KeyChain */,
				0C4F05F91EDED0A000240092 /* RDWaitingDots */,
				0CC237631EDA4E6000E65C5F /* AudioPlayer */,
				0CC6D9D21ECC52C10055770C /* DDMoveableView */,
				0CE1FFBF1E60200500CDA679 /* DDScrollButton */,
				0CA5066E1E320390000A23EB /* DDTableView */,
				0CA5065D1E320034000A23EB /* DDSliderLayer */,
				0CA506581E31FFA4000A23EB /* DDFunction */,
				0CA5064D1E31FE31000A23EB /* Categorys */,
				0CA506371E31F4AF000A23EB /* JSONKit */,
				0CA506081E308559000A23EB /* RDUserNotifyCenter */,
				0CA505C01E307070000A23EB /* RDPushTool */,
				0CA505B21E306F84000A23EB /* ThirdSDKs.h */,
				0C17AD5E1EA88C8D00238D29 /* DDMacros.h */,
				0C17AD5F1EA88C8D00238D29 /* DDMacros.m */,
				0CA505B31E306F84000A23EB /* Info.plist */,
			);
			path = ThirdSDKs;
			sourceTree = "<group>";
		};
		0CA505C01E307070000A23EB /* RDPushTool */ = {
			isa = PBXGroup;
			children = (
				0CA505C11E307070000A23EB /* NWPusher */,
				0CA505D21E307070000A23EB /* pusher.p12 */,
				0CA505D31E307070000A23EB /* RDPushSimuVC.h */,
				0CA505D41E307070000A23EB /* RDPushSimuVC.m */,
				0CA505D51E307070000A23EB /* RDPushTool.h */,
				0CA505D61E307070000A23EB /* RDPushTool.m */,
			);
			path = RDPushTool;
			sourceTree = "<group>";
		};
		0CA505C11E307070000A23EB /* NWPusher */ = {
			isa = PBXGroup;
			children = (
				0CA505C21E307070000A23EB /* NWHub.h */,
				0CA505C31E307070000A23EB /* NWHub.m */,
				0CA505C41E307070000A23EB /* NWLCore.c */,
				0CA505C51E307070000A23EB /* NWLCore.h */,
				0CA505C61E307070000A23EB /* NWNotification.h */,
				0CA505C71E307070000A23EB /* NWNotification.m */,
				0CA505C81E307070000A23EB /* NWPusher.h */,
				0CA505C91E307070000A23EB /* NWPusher.m */,
				0CA505CA1E307070000A23EB /* NWPushFeedback.h */,
				0CA505CB1E307070000A23EB /* NWPushFeedback.m */,
				0CA505CC1E307070000A23EB /* NWSecTools.h */,
				0CA505CD1E307070000A23EB /* NWSecTools.m */,
				0CA505CE1E307070000A23EB /* NWSSLConnection.h */,
				0CA505CF1E307070000A23EB /* NWSSLConnection.m */,
				0CA505D01E307070000A23EB /* NWType.h */,
				0CA505D11E307070000A23EB /* NWType.m */,
			);
			path = NWPusher;
			sourceTree = "<group>";
		};
		0CA506081E308559000A23EB /* RDUserNotifyCenter */ = {
			isa = PBXGroup;
			children = (
				0CA506091E308559000A23EB /* RDUserNotifyCenter.h */,
				0CA5060A1E308559000A23EB /* RDUserNotifyCenter.m */,
			);
			path = RDUserNotifyCenter;
			sourceTree = "<group>";
		};
		0CA506371E31F4AF000A23EB /* JSONKit */ = {
			isa = PBXGroup;
			children = (
				0CA506381E31F4AF000A23EB /* JSONKit.h */,
				0CA506391E31F4AF000A23EB /* JSONKit.m */,
			);
			path = JSONKit;
			sourceTree = "<group>";
		};
		0CA5064D1E31FE31000A23EB /* Categorys */ = {
			isa = PBXGroup;
			children = (
				0CC237561ED847DF00E65C5F /* UIView+Effect.h */,
				0CC237571ED847DF00E65C5F /* UIView+Effect.m */,
				0CC2374E1ED404E500E65C5F /* UIButton+Spin.h */,
				0CC2374F1ED404E500E65C5F /* UIButton+Spin.m */,
				0C0FE3161EA9E41A00D74708 /* UIImage+ImageEffects.h */,
				0C0FE3171EA9E41A00D74708 /* UIImage+ImageEffects.m */,
				0CA5064E1E31FE31000A23EB /* UIButton+Color.h */,
				0CA5064F1E31FE31000A23EB /* UIButton+Color.m */,
				0CA506501E31FE31000A23EB /* UIImage+Color.h */,
				0CA506511E31FE31000A23EB /* UIImage+Color.m */,
			);
			path = Categorys;
			sourceTree = "<group>";
		};
		0CA506581E31FFA4000A23EB /* DDFunction */ = {
			isa = PBXGroup;
			children = (
				0CA506591E31FFA4000A23EB /* DDFunction.h */,
				0CA5065A1E31FFA4000A23EB /* DDFunction.m */,
			);
			path = DDFunction;
			sourceTree = "<group>";
		};
		0CA5065D1E320034000A23EB /* DDSliderLayer */ = {
			isa = PBXGroup;
			children = (
				0CA506621E320034000A23EB /* DDSlideLayer.h */,
				0CA506631E320034000A23EB /* DDSlideLayer.m */,
				0CA5065E1E320034000A23EB /* DDEffectView.h */,
				0CA5065F1E320034000A23EB /* DDEffectView.m */,
				0CA506601E320034000A23EB /* DDMoveShowView.h */,
				0CA506611E320034000A23EB /* DDMoveShowView.m */,
			);
			path = DDSliderLayer;
			sourceTree = "<group>";
		};
		0CA5066E1E320390000A23EB /* DDTableView */ = {
			isa = PBXGroup;
			children = (
				0CA5066F1E320390000A23EB /* DDTableView.h */,
				0CA506701E320390000A23EB /* DDTableView.m */,
				0CA506711E320390000A23EB /* fits */,
			);
			path = DDTableView;
			sourceTree = "<group>";
		};
		0CA506711E320390000A23EB /* fits */ = {
			isa = PBXGroup;
			children = (
				0CA506801E32046D000A23EB /* ISRefreshControl */,
				0CA506721E320390000A23EB /* DDTLogoView.h */,
				0CA506731E320390000A23EB /* DDTLogoView.m */,
				0CA506741E320390000A23EB /* DDTMoreFooterView.h */,
				0CA506751E320390000A23EB /* DDTMoreFooterView.m */,
				0CA506761E320390000A23EB /* DDTRefreshCoverView.h */,
				0CA506771E320390000A23EB /* DDTRefreshCoverView.m */,
			);
			path = fits;
			sourceTree = "<group>";
		};
		0CA506801E32046D000A23EB /* ISRefreshControl */ = {
			isa = PBXGroup;
			children = (
				0CA506811E32046D000A23EB /* Images */,
				0CA506841E32046D000A23EB /* ISGumView.h */,
				0CA506851E32046D000A23EB /* ISGumView.m */,
				0CA506861E32046D000A23EB /* ISMethodSwizzling.h */,
				0CA506871E32046D000A23EB /* ISMethodSwizzling.m */,
				0CA506881E32046D000A23EB /* ISRefreshControl.h */,
				0CA506891E32046D000A23EB /* ISRefreshControl.m */,
				0CA5068A1E32046D000A23EB /* ISScalingActivityIndicatorView.h */,
				0CA5068B1E32046D000A23EB /* ISScalingActivityIndicatorView.m */,
				0CA5068C1E32046D000A23EB /* UIColor+ISRefreshControl.h */,
				0CA5068D1E32046D000A23EB /* UIColor+ISRefreshControl.m */,
				0CA5068E1E32046D000A23EB /* UITableView+ISRefreshControl.h */,
				0CA5068F1E32046D000A23EB /* UITableView+ISRefreshControl.m */,
				0CA506901E32046D000A23EB /* UITableViewController+ISRefreshControl.h */,
				0CA506911E32046D000A23EB /* UITableViewController+ISRefreshControl.m */,
			);
			path = ISRefreshControl;
			sourceTree = "<group>";
		};
		0CA506811E32046D000A23EB /* Images */ = {
			isa = PBXGroup;
			children = (
				0CA506821E32046D000A23EB /* ISRefresgControlIcon.png */,
				0CA506831E32046D000A23EB /* ISRefresgControlIcon@2x.png */,
			);
			path = Images;
			sourceTree = "<group>";
		};
		0CC237631EDA4E6000E65C5F /* AudioPlayer */ = {
			isa = PBXGroup;
			children = (
				0CC237641EDA4E6000E65C5F /* AudioPlayer.h */,
				0CC237651EDA4E6000E65C5F /* AudioPlayer.m */,
			);
			path = AudioPlayer;
			sourceTree = "<group>";
		};
		0CC6D9D21ECC52C10055770C /* DDMoveableView */ = {
			isa = PBXGroup;
			children = (
				0CC6D9D31ECC52C10055770C /* DDMoveableView.h */,
				0CC6D9D41ECC52C10055770C /* DDMoveableView.m */,
			);
			path = DDMoveableView;
			sourceTree = "<group>";
		};
		0CCA98DD1EEAC2EE000B60C7 /* RDConnectDots */ = {
			isa = PBXGroup;
			children = (
				0CCA98DE1EEAC2EE000B60C7 /* RDConnectDots.h */,
				0CCA98DF1EEAC2EE000B60C7 /* RDConnectDots.m */,
			);
			path = RDConnectDots;
			sourceTree = "<group>";
		};
		0CE1FFBF1E60200500CDA679 /* DDScrollButton */ = {
			isa = PBXGroup;
			children = (
				0CE1FFC01E60200500CDA679 /* DDScrollButton.h */,
				0CE1FFC11E60200500CDA679 /* DDScrollButton.m */,
			);
			path = DDScrollButton;
			sourceTree = "<group>";
		};
/* End PBXGroup section */

/* Begin PBXHeadersBuildPhase section */
		0CA505AC1E306F84000A23EB /* Headers */ = {
			isa = PBXHeadersBuildPhase;
			buildActionMask = 2147483647;
			files = (
				0CA505B41E306F84000A23EB /* ThirdSDKs.h in Headers */,
				0CA506961E32046D000A23EB /* ISMethodSwizzling.h in Headers */,
				0CA506541E31FE31000A23EB /* UIImage+Color.h in Headers */,
				0CA5066A1E320034000A23EB /* DDSlideLayer.h in Headers */,
				0CA5067C1E320390000A23EB /* DDTMoreFooterView.h in Headers */,
				0CA505DF1E307070000A23EB /* NWPushFeedback.h in Headers */,
				0CA5065B1E31FFA4000A23EB /* DDFunction.h in Headers */,
				0CA506781E320390000A23EB /* DDTableView.h in Headers */,
				0CA5067E1E320390000A23EB /* DDTRefreshCoverView.h in Headers */,
				0CA506981E32046D000A23EB /* ISRefreshControl.h in Headers */,
				0CA5067A1E320390000A23EB /* DDTLogoView.h in Headers */,
				0C0FE3181EA9E41A00D74708 /* UIImage+ImageEffects.h in Headers */,
				0CA506521E31FE31000A23EB /* UIButton+Color.h in Headers */,
				0C17AD601EA88C8D00238D29 /* DDMacros.h in Headers */,
				0CE1FFC21E60200500CDA679 /* DDScrollButton.h in Headers */,
				0CC6D9D51ECC52C10055770C /* DDMoveableView.h in Headers */,
				0CC237661EDA4E6000E65C5F /* AudioPlayer.h in Headers */,
				0CC237501ED404E500E65C5F /* UIButton+Spin.h in Headers */,
				0C4F05FC1EDED0A000240092 /* RDWaitingDots.h in Headers */,
				0CCA98E01EEAC2EE000B60C7 /* RDConnectDots.h in Headers */,
				0CC237581ED847DF00E65C5F /* UIView+Effect.h in Headers */,
				0C53B3911EE67A69003FFCE7 /* CHKeyChain.h in Headers */,
				0CA506681E320034000A23EB /* DDMoveShowView.h in Headers */,
				0CA505EA1E307070000A23EB /* RDPushTool.h in Headers */,
				0CA5063A1E31F4AF000A23EB /* JSONKit.h in Headers */,
				0CA505E81E307070000A23EB /* RDPushSimuVC.h in Headers */,
				0CA506941E32046D000A23EB /* ISGumView.h in Headers */,
				0CA5060B1E308559000A23EB /* RDUserNotifyCenter.h in Headers */,
				0CA5069A1E32046D000A23EB /* ISScalingActivityIndicatorView.h in Headers */,
				0CA505DD1E307070000A23EB /* NWPusher.h in Headers */,
				0CA506661E320034000A23EB /* DDEffectView.h in Headers */,
				0CA5069C1E32046D000A23EB /* UIColor+ISRefreshControl.h in Headers */,
				0CA505E51E307070000A23EB /* NWType.h in Headers */,
				0CA505D71E307070000A23EB /* NWHub.h in Headers */,
				0CA505DB1E307070000A23EB /* NWNotification.h in Headers */,
				0CA506A01E32046D000A23EB /* UITableViewController+ISRefreshControl.h in Headers */,
				0CA505DA1E307070000A23EB /* NWLCore.h in Headers */,
				0CA5069E1E32046D000A23EB /* UITableView+ISRefreshControl.h in Headers */,
				0CA505E31E307070000A23EB /* NWSSLConnection.h in Headers */,
				0CA505E11E307070000A23EB /* NWSecTools.h in Headers */,
			);
			runOnlyForDeploymentPostprocessing = 0;
		};
/* End PBXHeadersBuildPhase section */

/* Begin PBXNativeTarget section */
		0CA505AE1E306F84000A23EB /* ThirdSDKs */ = {
			isa = PBXNativeTarget;
			buildConfigurationList = 0CA505B71E306F84000A23EB /* Build configuration list for PBXNativeTarget "ThirdSDKs" */;
			buildPhases = (
				0CA505AA1E306F84000A23EB /* Sources */,
				0CA505AB1E306F84000A23EB /* Frameworks */,
				0CA505AC1E306F84000A23EB /* Headers */,
				0CA505AD1E306F84000A23EB /* Resources */,
				0CA505EC1E307114000A23EB /* ShellScript */,
			);
			buildRules = (
			);
			dependencies = (
			);
			name = ThirdSDKs;
			productName = ThirdSDKs;
			productReference = 0CA505AF1E306F84000A23EB /* ThirdSDKs.framework */;
			productType = "com.apple.product-type.framework";
		};
/* End PBXNativeTarget section */

/* Begin PBXProject section */
		0CA505A61E306F84000A23EB /* Project object */ = {
			isa = PBXProject;
			attributes = {
				LastUpgradeCheck = 0820;
				ORGANIZATIONNAME = Radar;
				TargetAttributes = {
					0CA505AE1E306F84000A23EB = {
						CreatedOnToolsVersion = 8.2.1;
						DevelopmentTeam = ZTW9XPA927;
						ProvisioningStyle = Automatic;
					};
				};
			};
			buildConfigurationList = 0CA505A91E306F84000A23EB /* Build configuration list for PBXProject "ThirdSDKs" */;
			compatibilityVersion = "Xcode 3.2";
			developmentRegion = English;
			hasScannedForEncodings = 0;
			knownRegions = (
				en,
			);
			mainGroup = 0CA505A51E306F84000A23EB;
			productRefGroup = 0CA505B01E306F84000A23EB /* Products */;
			projectDirPath = "";
			projectRoot = "";
			targets = (
				0CA505AE1E306F84000A23EB /* ThirdSDKs */,
			);
		};
/* End PBXProject section */

/* Begin PBXResourcesBuildPhase section */
		0CA505AD1E306F84000A23EB /* Resources */ = {
			isa = PBXResourcesBuildPhase;
			buildActionMask = 2147483647;
			files = (
				0CA505E71E307070000A23EB /* pusher.p12 in Resources */,
				0CA506931E32046D000A23EB /* ISRefresgControlIcon@2x.png in Resources */,
				0CA506921E32046D000A23EB /* ISRefresgControlIcon.png in Resources */,
			);
			runOnlyForDeploymentPostprocessing = 0;
		};
/* End PBXResourcesBuildPhase section */

/* Begin PBXShellScriptBuildPhase section */
		0CA505EC1E307114000A23EB /* ShellScript */ = {
			isa = PBXShellScriptBuildPhase;
			buildActionMask = 2147483647;
			files = (
			);
			inputPaths = (
			);
			outputPaths = (
			);
			runOnlyForDeploymentPostprocessing = 0;
			shellPath = /bin/sh;
			shellScript = "FMK_NAME=${PROJECT_NAME}\nINSTALL_DIR=${SRCROOT}/../../Plugins/${FMK_NAME}.framework\nFRAMEWORK_DIR=${BUILT_PRODUCTS_DIR}/${FMK_NAME}.framework\nif [ -d \"${INSTALL_DIR}\" ]\nthen\nrm -rf \"${INSTALL_DIR}\"\nfi\nmkdir -p \"${INSTALL_DIR}\"\ncp -R \"${FRAMEWORK_DIR}/\" \"${INSTALL_DIR}/\"";
		};
/* End PBXShellScriptBuildPhase section */

/* Begin PBXSourcesBuildPhase section */
		0CA505AA1E306F84000A23EB /* Sources */ = {
			isa = PBXSourcesBuildPhase;
			buildActionMask = 2147483647;
			files = (
				0CC237591ED847DF00E65C5F /* UIView+Effect.m in Sources */,
				0C4F05FD1EDED0A000240092 /* RDWaitingDots.m in Sources */,
				0C0FE3191EA9E41A00D74708 /* UIImage+ImageEffects.m in Sources */,
				0CA505E21E307070000A23EB /* NWSecTools.m in Sources */,
				0CA506691E320034000A23EB /* DDMoveShowView.m in Sources */,
				0CA505D91E307070000A23EB /* NWLCore.c in Sources */,
				0CA5067B1E320390000A23EB /* DDTLogoView.m in Sources */,
				0CA5063B1E31F4AF000A23EB /* JSONKit.m in Sources */,
				0CC6D9D61ECC52C10055770C /* DDMoveableView.m in Sources */,
				0CA506951E32046D000A23EB /* ISGumView.m in Sources */,
				0CA5065C1E31FFA4000A23EB /* DDFunction.m in Sources */,
				0CA505E61E307070000A23EB /* NWType.m in Sources */,
				0CA5069D1E32046D000A23EB /* UIColor+ISRefreshControl.m in Sources */,
				0CE1FFC31E60200500CDA679 /* DDScrollButton.m in Sources */,
				0CA506791E320390000A23EB /* DDTableView.m in Sources */,
				0CA5069F1E32046D000A23EB /* UITableView+ISRefreshControl.m in Sources */,
				0CA505E01E307070000A23EB /* NWPushFeedback.m in Sources */,
				0CA505DE1E307070000A23EB /* NWPusher.m in Sources */,
				0CA5067D1E320390000A23EB /* DDTMoreFooterView.m in Sources */,
				0CA505EB1E307070000A23EB /* RDPushTool.m in Sources */,
				0CC237671EDA4E6000E65C5F /* AudioPlayer.m in Sources */,
				0CA505E91E307070000A23EB /* RDPushSimuVC.m in Sources */,
				0CA506671E320034000A23EB /* DDEffectView.m in Sources */,
				0CA5066B1E320034000A23EB /* DDSlideLayer.m in Sources */,
				0CCA98E11EEAC2EE000B60C7 /* RDConnectDots.m in Sources */,
				0C53B3921EE67A69003FFCE7 /* CHKeyChain.m in Sources */,
				0C17AD611EA88C8D00238D29 /* DDMacros.m in Sources */,
				0CA506A11E32046D000A23EB /* UITableViewController+ISRefreshControl.m in Sources */,
				0CC237511ED404E500E65C5F /* UIButton+Spin.m in Sources */,
				0CA506971E32046D000A23EB /* ISMethodSwizzling.m in Sources */,
				0CA5067F1E320390000A23EB /* DDTRefreshCoverView.m in Sources */,
				0CA506991E32046D000A23EB /* ISRefreshControl.m in Sources */,
				0CA505DC1E307070000A23EB /* NWNotification.m in Sources */,
				0CA506551E31FE31000A23EB /* UIImage+Color.m in Sources */,
				0CA5069B1E32046D000A23EB /* ISScalingActivityIndicatorView.m in Sources */,
				0CA506531E31FE31000A23EB /* UIButton+Color.m in Sources */,
				0CA505D81E307070000A23EB /* NWHub.m in Sources */,
				0CA5060C1E308559000A23EB /* RDUserNotifyCenter.m in Sources */,
				0CA505E41E307070000A23EB /* NWSSLConnection.m in Sources */,
			);
			runOnlyForDeploymentPostprocessing = 0;
		};
/* End PBXSourcesBuildPhase section */

/* Begin XCBuildConfiguration section */
		0CA505B51E306F84000A23EB /* Debug */ = {
			isa = XCBuildConfiguration;
			buildSettings = {
				ALWAYS_SEARCH_USER_PATHS = NO;
				CLANG_ANALYZER_NONNULL = YES;
				CLANG_CXX_LANGUAGE_STANDARD = "gnu++0x";
				CLANG_CXX_LIBRARY = "libc++";
				CLANG_ENABLE_MODULES = YES;
				CLANG_ENABLE_OBJC_ARC = YES;
				CLANG_WARN_BOOL_CONVERSION = YES;
				CLANG_WARN_CONSTANT_CONVERSION = YES;
				CLANG_WARN_DIRECT_OBJC_ISA_USAGE = YES_ERROR;
				CLANG_WARN_DOCUMENTATION_COMMENTS = YES;
				CLANG_WARN_EMPTY_BODY = YES;
				CLANG_WARN_ENUM_CONVERSION = YES;
				CLANG_WARN_INFINITE_RECURSION = YES;
				CLANG_WARN_INT_CONVERSION = YES;
				CLANG_WARN_OBJC_ROOT_CLASS = YES_ERROR;
				CLANG_WARN_SUSPICIOUS_MOVE = YES;
				CLANG_WARN_UNREACHABLE_CODE = YES;
				CLANG_WARN__DUPLICATE_METHOD_MATCH = YES;
				"CODE_SIGN_IDENTITY[sdk=iphoneos*]" = "iPhone Developer";
				COPY_PHASE_STRIP = NO;
				CURRENT_PROJECT_VERSION = 1;
				DEBUG_INFORMATION_FORMAT = dwarf;
				ENABLE_STRICT_OBJC_MSGSEND = YES;
				ENABLE_TESTABILITY = YES;
				GCC_C_LANGUAGE_STANDARD = gnu99;
				GCC_DYNAMIC_NO_PIC = NO;
				GCC_NO_COMMON_BLOCKS = YES;
				GCC_OPTIMIZATION_LEVEL = 0;
				GCC_PREPROCESSOR_DEFINITIONS = (
					"DEBUG=1",
					"$(inherited)",
				);
				GCC_WARN_64_TO_32_BIT_CONVERSION = YES;
				GCC_WARN_ABOUT_RETURN_TYPE = YES_ERROR;
				GCC_WARN_UNDECLARED_SELECTOR = YES;
				GCC_WARN_UNINITIALIZED_AUTOS = YES_AGGRESSIVE;
				GCC_WARN_UNUSED_FUNCTION = YES;
				GCC_WARN_UNUSED_VARIABLE = YES;
				IPHONEOS_DEPLOYMENT_TARGET = 10.0;
				MTL_ENABLE_DEBUG_INFO = YES;
				ONLY_ACTIVE_ARCH = YES;
				SDKROOT = iphoneos;
				TARGETED_DEVICE_FAMILY = "1,2";
				VERSIONING_SYSTEM = "apple-generic";
				VERSION_INFO_PREFIX = "";
			};
			name = Debug;
		};
		0CA505B61E306F84000A23EB /* Release */ = {
			isa = XCBuildConfiguration;
			buildSettings = {
				ALWAYS_SEARCH_USER_PATHS = NO;
				CLANG_ANALYZER_NONNULL = YES;
				CLANG_CXX_LANGUAGE_STANDARD = "gnu++0x";
				CLANG_CXX_LIBRARY = "libc++";
				CLANG_ENABLE_MODULES = YES;
				CLANG_ENABLE_OBJC_ARC = YES;
				CLANG_WARN_BOOL_CONVERSION = YES;
				CLANG_WARN_CONSTANT_CONVERSION = YES;
				CLANG_WARN_DIRECT_OBJC_ISA_USAGE = YES_ERROR;
				CLANG_WARN_DOCUMENTATION_COMMENTS = YES;
				CLANG_WARN_EMPTY_BODY = YES;
				CLANG_WARN_ENUM_CONVERSION = YES;
				CLANG_WARN_INFINITE_RECURSION = YES;
				CLANG_WARN_INT_CONVERSION = YES;
				CLANG_WARN_OBJC_ROOT_CLASS = YES_ERROR;
				CLANG_WARN_SUSPICIOUS_MOVE = YES;
				CLANG_WARN_UNREACHABLE_CODE = YES;
				CLANG_WARN__DUPLICATE_METHOD_MATCH = YES;
				"CODE_SIGN_IDENTITY[sdk=iphoneos*]" = "iPhone Developer";
				COPY_PHASE_STRIP = NO;
				CURRENT_PROJECT_VERSION = 1;
				DEBUG_INFORMATION_FORMAT = "dwarf-with-dsym";
				ENABLE_NS_ASSERTIONS = NO;
				ENABLE_STRICT_OBJC_MSGSEND = YES;
				GCC_C_LANGUAGE_STANDARD = gnu99;
				GCC_NO_COMMON_BLOCKS = YES;
				GCC_WARN_64_TO_32_BIT_CONVERSION = YES;
				GCC_WARN_ABOUT_RETURN_TYPE = YES_ERROR;
				GCC_WARN_UNDECLARED_SELECTOR = YES;
				GCC_WARN_UNINITIALIZED_AUTOS = YES_AGGRESSIVE;
				GCC_WARN_UNUSED_FUNCTION = YES;
				GCC_WARN_UNUSED_VARIABLE = YES;
				IPHONEOS_DEPLOYMENT_TARGET = 10.0;
				MTL_ENABLE_DEBUG_INFO = NO;
				SDKROOT = iphoneos;
				TARGETED_DEVICE_FAMILY = "1,2";
				VALIDATE_PRODUCT = YES;
				VERSIONING_SYSTEM = "apple-generic";
				VERSION_INFO_PREFIX = "";
			};
			name = Release;
		};
		0CA505B81E306F84000A23EB /* Debug */ = {
			isa = XCBuildConfiguration;
			buildSettings = {
				CLANG_ALLOW_NON_MODULAR_INCLUDES_IN_FRAMEWORK_MODULES = NO;
				CODE_SIGN_IDENTITY = "";
				DEFINES_MODULE = YES;
				DEVELOPMENT_TEAM = ZTW9XPA927;
				DYLIB_COMPATIBILITY_VERSION = 1;
				DYLIB_CURRENT_VERSION = 1;
				DYLIB_INSTALL_NAME_BASE = "@rpath";
				ENABLE_BITCODE = YES;
				INFOPLIST_FILE = ThirdSDKs/Info.plist;
				INSTALL_PATH = "$(LOCAL_LIBRARY_DIR)/Frameworks";
				IPHONEOS_DEPLOYMENT_TARGET = 10.0;
				LD_RUNPATH_SEARCH_PATHS = "$(inherited) @executable_path/Frameworks @loader_path/Frameworks";
				PRODUCT_BUNDLE_IDENTIFIER = com.dangdang.ThirdSDKs;
				PRODUCT_NAME = "$(TARGET_NAME)";
				SKIP_INSTALL = YES;
				TARGETED_DEVICE_FAMILY = 1;
			};
			name = Debug;
		};
		0CA505B91E306F84000A23EB /* Release */ = {
			isa = XCBuildConfiguration;
			buildSettings = {
				CLANG_ALLOW_NON_MODULAR_INCLUDES_IN_FRAMEWORK_MODULES = NO;
				CODE_SIGN_IDENTITY = "";
				DEFINES_MODULE = YES;
				DEVELOPMENT_TEAM = ZTW9XPA927;
				DYLIB_COMPATIBILITY_VERSION = 1;
				DYLIB_CURRENT_VERSION = 1;
				DYLIB_INSTALL_NAME_BASE = "@rpath";
				ENABLE_BITCODE = YES;
				INFOPLIST_FILE = ThirdSDKs/Info.plist;
				INSTALL_PATH = "$(LOCAL_LIBRARY_DIR)/Frameworks";
				IPHONEOS_DEPLOYMENT_TARGET = 10.0;
				LD_RUNPATH_SEARCH_PATHS = "$(inherited) @executable_path/Frameworks @loader_path/Frameworks";
				PRODUCT_BUNDLE_IDENTIFIER = com.dangdang.ThirdSDKs;
				PRODUCT_NAME = "$(TARGET_NAME)";
				SKIP_INSTALL = YES;
				TARGETED_DEVICE_FAMILY = 1;
			};
			name = Release;
		};
/* End XCBuildConfiguration section */

/* Begin XCConfigurationList section */
		0CA505A91E306F84000A23EB /* Build configuration list for PBXProject "ThirdSDKs" */ = {
			isa = XCConfigurationList;
			buildConfigurations = (
				0CA505B51E306F84000A23EB /* Debug */,
				0CA505B61E306F84000A23EB /* Release */,
			);
			defaultConfigurationIsVisible = 0;
			defaultConfigurationName = Release;
		};
		0CA505B71E306F84000A23EB /* Build configuration list for PBXNativeTarget "ThirdSDKs" */ = {
			isa = XCConfigurationList;
			buildConfigurations = (
				0CA505B81E306F84000A23EB /* Debug */,
				0CA505B91E306F84000A23EB /* Release */,
			);
			defaultConfigurationIsVisible = 0;
			defaultConfigurationName = Release;
		};
/* End XCConfigurationList section */
	};
	rootObject = 0CA505A61E306F84000A23EB /* Project object */;
}
